PODS:
  - CryptoSwift (0.9.0)
  - SwiftyJSON (4.1.0)

DEPENDENCIES:
  - CryptoSwift
  - SwiftyJSON

SPEC REPOS:
  https://github.com/CocoaPods/Specs.git:
    - CryptoSwift
    - SwiftyJSON

SPEC CHECKSUMS:
  CryptoSwift: bca8c5b653dcc2d9734409242a070ff53bafac86
  SwiftyJSON: c29297daf073d2aa016295d5809cdd68045c39b3

PODFILE CHECKSUM: 9a060338b0ea0f3fd1b787b760f23d33428a0a9c

COCOAPODS: 1.5.0
