// !$*UTF8*$!
{
	archiveVersion = 1;
	classes = {
	};
	objectVersion = 50;
	objects = {

/* Begin PBXBuildFile section */
		8E0AFA3D208BDEA000CE8B68 /* AppDelegate.swift in Sources */ = {isa = PBXBuildFile; fileRef = 8E0AFA3C208BDEA000CE8B68 /* AppDelegate.swift */; };
		8E0AFA3F208BDEA000CE8B68 /* ViewController.swift in Sources */ = {isa = PBXBuildFile; fileRef = 8E0AFA3E208BDEA000CE8B68 /* ViewController.swift */; };
		8E0AFA41208BDEA100CE8B68 /* Assets.xcassets in Resources */ = {isa = PBXBuildFile; fileRef = 8E0AFA40208BDEA100CE8B68 /* Assets.xcassets */; };
		8E0AFA44208BDEA100CE8B68 /* Main.storyboard in Resources */ = {isa = PBXBuildFile; fileRef = 8E0AFA42208BDEA100CE8B68 /* Main.storyboard */; };
		8E0AFA50208BDEA100CE8B68 /* GeoBaiduTests.swift in Sources */ = {isa = PBXBuildFile; fileRef = 8E0AFA4F208BDEA100CE8B68 /* GeoBaiduTests.swift */; };
		8E0AFA5B208BDEA100CE8B68 /* GeoBaiduUITests.swift in Sources */ = {isa = PBXBuildFile; fileRef = 8E0AFA5A208BDEA100CE8B68 /* GeoBaiduUITests.swift */; };
/* End PBXBuildFile section */

/* Begin PBXContainerItemProxy section */
		8E0AFA4C208BDEA100CE8B68 /* PBXContainerItemProxy */ = {
			isa = PBXContainerItemProxy;
			containerPortal = 8E0AFA31208BDEA000CE8B68 /* Project object */;
			proxyType = 1;
			remoteGlobalIDString = 8E0AFA38208BDEA000CE8B68;
			remoteInfo = GeoBaidu;
		};
		8E0AFA57208BDEA100CE8B68 /* PBXContainerItemProxy */ = {
			isa = PBXContainerItemProxy;
			containerPortal = 8E0AFA31208BDEA000CE8B68 /* Project object */;
			proxyType = 1;
			remoteGlobalIDString = 8E0AFA38208BDEA000CE8B68;
			remoteInfo = GeoBaidu;
		};
/* End PBXContainerItemProxy section */

/* Begin PBXFileReference section */
		8E0AFA39208BDEA000CE8B68 /* GeoBaidu.app */ = {isa = PBXFileReference; explicitFileType = wrapper.application; includeInIndex = 0; path = GeoBaidu.app; sourceTree = BUILT_PRODUCTS_DIR; };
		8E0AFA3C208BDEA000CE8B68 /* AppDelegate.swift */ = {isa = PBXFileReference; lastKnownFileType = sourcecode.swift; path = AppDelegate.swift; sourceTree = "<group>"; };
		8E0AFA3E208BDEA000CE8B68 /* ViewController.swift */ = {isa = PBXFileReference; lastKnownFileType = sourcecode.swift; path = ViewController.swift; sourceTree = "<group>"; };
		8E0AFA40208BDEA100CE8B68 /* Assets.xcassets */ = {isa = PBXFileReference; lastKnownFileType = folder.assetcatalog; path = Assets.xcassets; sourceTree = "<group>"; };
		8E0AFA43208BDEA100CE8B68 /* Base */ = {isa = PBXFileReference; lastKnownFileType = file.storyboard; name = Base; path = Base.lproj/Main.storyboard; sourceTree = "<group>"; };
		8E0AFA45208BDEA100CE8B68 /* Info.plist */ = {isa = PBXFileReference; lastKnownFileType = text.plist.xml; path = Info.plist; sourceTree = "<group>"; };
		8E0AFA46208BDEA100CE8B68 /* GeoBaidu.entitlements */ = {isa = PBXFileReference; lastKnownFileType = text.plist.entitlements; path = GeoBaidu.entitlements; sourceTree = "<group>"; };
		8E0AFA4B208BDEA100CE8B68 /* GeoBaiduTests.xctest */ = {isa = PBXFileReference; explicitFileType = wrapper.cfbundle; includeInIndex = 0; path = GeoBaiduTests.xctest; sourceTree = BUILT_PRODUCTS_DIR; };
		8E0AFA4F208BDEA100CE8B68 /* GeoBaiduTests.swift */ = {isa = PBXFileReference; lastKnownFileType = sourcecode.swift; path = GeoBaiduTests.swift; sourceTree = "<group>"; };
		8E0AFA51208BDEA100CE8B68 /* Info.plist */ = {isa = PBXFileReference; lastKnownFileType = text.plist.xml; path = Info.plist; sourceTree = "<group>"; };
		8E0AFA56208BDEA100CE8B68 /* GeoBaiduUITests.xctest */ = {isa = PBXFileReference; explicitFileType = wrapper.cfbundle; includeInIndex = 0; path = GeoBaiduUITests.xctest; sourceTree = BUILT_PRODUCTS_DIR; };
		8E0AFA5A208BDEA100CE8B68 /* GeoBaiduUITests.swift */ = {isa = PBXFileReference; lastKnownFileType = sourcecode.swift; path = GeoBaiduUITests.swift; sourceTree = "<group>"; };
		8E0AFA5C208BDEA100CE8B68 /* Info.plist */ = {isa = PBXFileReference; lastKnownFileType = text.plist.xml; path = Info.plist; sourceTree = "<group>"; };
/* End PBXFileReference section */

/* Begin PBXFrameworksBuildPhase section */
		8E0AFA36208BDEA000CE8B68 /* Frameworks */ = {
			isa = PBXFrameworksBuildPhase;
			buildActionMask = 2147483647;
			files = (
			);
			runOnlyForDeploymentPostprocessing = 0;
		};
		8E0AFA48208BDEA100CE8B68 /* Frameworks */ = {
			isa = PBXFrameworksBuildPhase;
			buildActionMask = 2147483647;
			files = (
			);
			runOnlyForDeploymentPostprocessing = 0;
		};
		8E0AFA53208BDEA100CE8B68 /* Frameworks */ = {
			isa = PBXFrameworksBuildPhase;
			buildActionMask = 2147483647;
			files = (
			);
			runOnlyForDeploymentPostprocessing = 0;
		};
/* End PBXFrameworksBuildPhase section */

/* Begin PBXGroup section */
		8E0AFA30208BDEA000CE8B68 = {
			isa = PBXGroup;
			children = (
				8E0AFA3B208BDEA000CE8B68 /* GeoBaidu */,
				8E0AFA4E208BDEA100CE8B68 /* GeoBaiduTests */,
				8E0AFA59208BDEA100CE8B68 /* GeoBaiduUITests */,
				8E0AFA3A208BDEA000CE8B68 /* Products */,
			);
			sourceTree = "<group>";
		};
		8E0AFA3A208BDEA000CE8B68 /* Products */ = {
			isa = PBXGroup;
			children = (
				8E0AFA39208BDEA000CE8B68 /* GeoBaidu.app */,
				8E0AFA4B208BDEA100CE8B68 /* GeoBaiduTests.xctest */,
				8E0AFA56208BDEA100CE8B68 /* GeoBaiduUITests.xctest */,
			);
			name = Products;
			sourceTree = "<group>";
		};
		8E0AFA3B208BDEA000CE8B68 /* GeoBaidu */ = {
			isa = PBXGroup;
			children = (
				8E0AFA3C208BDEA000CE8B68 /* AppDelegate.swift */,
				8E0AFA3E208BDEA000CE8B68 /* ViewController.swift */,
				8E0AFA40208BDEA100CE8B68 /* Assets.xcassets */,
				8E0AFA42208BDEA100CE8B68 /* Main.storyboard */,
				8E0AFA45208BDEA100CE8B68 /* Info.plist */,
				8E0AFA46208BDEA100CE8B68 /* GeoBaidu.entitlements */,
			);
			path = GeoBaidu;
			sourceTree = "<group>";
		};
		8E0AFA4E208BDEA100CE8B68 /* GeoBaiduTests */ = {
			isa = PBXGroup;
			children = (
				8E0AFA4F208BDEA100CE8B68 /* GeoBaiduTests.swift */,
				8E0AFA51208BDEA100CE8B68 /* Info.plist */,
			);
			path = GeoBaiduTests;
			sourceTree = "<group>";
		};
		8E0AFA59208BDEA100CE8B68 /* GeoBaiduUITests */ = {
			isa = PBXGroup;
			children = (
				8E0AFA5A208BDEA100CE8B68 /* GeoBaiduUITests.swift */,
				8E0AFA5C208BDEA100CE8B68 /* Info.plist */,
			);
			path = GeoBaiduUITests;
			sourceTree = "<group>";
		};
/* End PBXGroup section */

/* Begin PBXNativeTarget section */
		8E0AFA38208BDEA000CE8B68 /* GeoBaidu */ = {
			isa = PBXNativeTarget;
			buildConfigurationList = 8E0AFA5F208BDEA100CE8B68 /* Build configuration list for PBXNativeTarget "GeoBaidu" */;
			buildPhases = (
				8E0AFA35208BDEA000CE8B68 /* Sources */,
				8E0AFA36208BDEA000CE8B68 /* Frameworks */,
				8E0AFA37208BDEA000CE8B68 /* Resources */,
			);
			buildRules = (
			);
			dependencies = (
			);
			name = GeoBaidu;
			productName = GeoBaidu;
			productReference = 8E0AFA39208BDEA000CE8B68 /* GeoBaidu.app */;
			productType = "com.apple.product-type.application";
		};
		8E0AFA4A208BDEA100CE8B68 /* GeoBaiduTests */ = {
			isa = PBXNativeTarget;
			buildConfigurationList = 8E0AFA62208BDEA100CE8B68 /* Build configuration list for PBXNativeTarget "GeoBaiduTests" */;
			buildPhases = (
				8E0AFA47208BDEA100CE8B68 /* Sources */,
				8E0AFA48208BDEA100CE8B68 /* Frameworks */,
				8E0AFA49208BDEA100CE8B68 /* Resources */,
			);
			buildRules = (
			);
			dependencies = (
				8E0AFA4D208BDEA100CE8B68 /* PBXTargetDependency */,
			);
			name = GeoBaiduTests;
			productName = GeoBaiduTests;
			productReference = 8E0AFA4B208BDEA100CE8B68 /* GeoBaiduTests.xctest */;
			productType = "com.apple.product-type.bundle.unit-test";
		};
		8E0AFA55208BDEA100CE8B68 /* GeoBaiduUITests */ = {
			isa = PBXNativeTarget;
			buildConfigurationList = 8E0AFA65208BDEA100CE8B68 /* Build configuration list for PBXNativeTarget "GeoBaiduUITests" */;
			buildPhases = (
				8E0AFA52208BDEA100CE8B68 /* Sources */,
				8E0AFA53208BDEA100CE8B68 /* Frameworks */,
				8E0AFA54208BDEA100CE8B68 /* Resources */,
			);
			buildRules = (
			);
			dependencies = (
				8E0AFA58208BDEA100CE8B68 /* PBXTargetDependency */,
			);
			name = GeoBaiduUITests;
			productName = GeoBaiduUITests;
			productReference = 8E0AFA56208BDEA100CE8B68 /* GeoBaiduUITests.xctest */;
			productType = "com.apple.product-type.bundle.ui-testing";
		};
/* End PBXNativeTarget section */

/* Begin PBXProject section */
		8E0AFA31208BDEA000CE8B68 /* Project object */ = {
			isa = PBXProject;
			attributes = {
				LastSwiftUpdateCheck = 0930;
				LastUpgradeCheck = 0930;
				ORGANIZATIONNAME = nonamecat;
				TargetAttributes = {
					8E0AFA38208BDEA000CE8B68 = {
						CreatedOnToolsVersion = 9.3;
					};
					8E0AFA4A208BDEA100CE8B68 = {
						CreatedOnToolsVersion = 9.3;
						TestTargetID = 8E0AFA38208BDEA000CE8B68;
					};
					8E0AFA55208BDEA100CE8B68 = {
						CreatedOnToolsVersion = 9.3;
						TestTargetID = 8E0AFA38208BDEA000CE8B68;
					};
				};
			};
			buildConfigurationList = 8E0AFA34208BDEA000CE8B68 /* Build configuration list for PBXProject "GeoBaidu" */;
			compatibilityVersion = "Xcode 9.3";
			developmentRegion = en;
			hasScannedForEncodings = 0;
			knownRegions = (
				en,
				Base,
			);
			mainGroup = 8E0AFA30208BDEA000CE8B68;
			productRefGroup = 8E0AFA3A208BDEA000CE8B68 /* Products */;
			projectDirPath = "";
			projectRoot = "";
			targets = (
				8E0AFA38208BDEA000CE8B68 /* GeoBaidu */,
				8E0AFA4A208BDEA100CE8B68 /* GeoBaiduTests */,
				8E0AFA55208BDEA100CE8B68 /* GeoBaiduUITests */,
			);
		};
/* End PBXProject section */

/* Begin PBXResourcesBuildPhase section */
		8E0AFA37208BDEA000CE8B68 /* Resources */ = {
			isa = PBXResourcesBuildPhase;
			buildActionMask = 2147483647;
			files = (
				8E0AFA41208BDEA100CE8B68 /* Assets.xcassets in Resources */,
				8E0AFA44208BDEA100CE8B68 /* Main.storyboard in Resources */,
			);
			runOnlyForDeploymentPostprocessing = 0;
		};
		8E0AFA49208BDEA100CE8B68 /* Resources */ = {
			isa = PBXResourcesBuildPhase;
			buildActionMask = 2147483647;
			files = (
			);
			runOnlyForDeploymentPostprocessing = 0;
		};
		8E0AFA54208BDEA100CE8B68 /* Resources */ = {
			isa = PBXResourcesBuildPhase;
			buildActionMask = 2147483647;
			files = (
			);
			runOnlyForDeploymentPostprocessing = 0;
		};
/* End PBXResourcesBuildPhase section */

/* Begin PBXSourcesBuildPhase section */
		8E0AFA35208BDEA000CE8B68 /* Sources */ = {
			isa = PBXSourcesBuildPhase;
			buildActionMask = 2147483647;
			files = (
				8E0AFA3F208BDEA000CE8B68 /* ViewController.swift in Sources */,
				8E0AFA3D208BDEA000CE8B68 /* AppDelegate.swift in Sources */,
			);
			runOnlyForDeploymentPostprocessing = 0;
		};
		8E0AFA47208BDEA100CE8B68 /* Sources */ = {
			isa = PBXSourcesBuildPhase;
			buildActionMask = 2147483647;
			files = (
				8E0AFA50208BDEA100CE8B68 /* GeoBaiduTests.swift in Sources */,
			);
			runOnlyForDeploymentPostprocessing = 0;
		};
		8E0AFA52208BDEA100CE8B68 /* Sources */ = {
			isa = PBXSourcesBuildPhase;
			buildActionMask = 2147483647;
			files = (
				8E0AFA5B208BDEA100CE8B68 /* GeoBaiduUITests.swift in Sources */,
			);
			runOnlyForDeploymentPostprocessing = 0;
		};
/* End PBXSourcesBuildPhase section */

/* Begin PBXTargetDependency section */
		8E0AFA4D208BDEA100CE8B68 /* PBXTargetDependency */ = {
			isa = PBXTargetDependency;
			target = 8E0AFA38208BDEA000CE8B68 /* GeoBaidu */;
			targetProxy = 8E0AFA4C208BDEA100CE8B68 /* PBXContainerItemProxy */;
		};
		8E0AFA58208BDEA100CE8B68 /* PBXTargetDependency */ = {
			isa = PBXTargetDependency;
			target = 8E0AFA38208BDEA000CE8B68 /* GeoBaidu */;
			targetProxy = 8E0AFA57208BDEA100CE8B68 /* PBXContainerItemProxy */;
		};
/* End PBXTargetDependency section */

/* Begin PBXVariantGroup section */
		8E0AFA42208BDEA100CE8B68 /* Main.storyboard */ = {
			isa = PBXVariantGroup;
			children = (
				8E0AFA43208BDEA100CE8B68 /* Base */,
			);
			name = Main.storyboard;
			sourceTree = "<group>";
		};
/* End PBXVariantGroup section */

/* Begin XCBuildConfiguration section */
		8E0AFA5D208BDEA100CE8B68 /* Debug */ = {
			isa = XCBuildConfiguration;
			buildSettings = {
				ALWAYS_SEARCH_USER_PATHS = NO;
				CLANG_ANALYZER_NONNULL = YES;
				CLANG_ANALYZER_NUMBER_OBJECT_CONVERSION = YES_AGGRESSIVE;
				CLANG_CXX_LANGUAGE_STANDARD = "gnu++14";
				CLANG_CXX_LIBRARY = "libc++";
				CLANG_ENABLE_MODULES = YES;
				CLANG_ENABLE_OBJC_ARC = YES;
				CLANG_ENABLE_OBJC_WEAK = YES;
				CLANG_WARN_BLOCK_CAPTURE_AUTORELEASING = YES;
				CLANG_WARN_BOOL_CONVERSION = YES;
				CLANG_WARN_COMMA = YES;
				CLANG_WARN_CONSTANT_CONVERSION = YES;
				CLANG_WARN_DEPRECATED_OBJC_IMPLEMENTATIONS = YES;
				CLANG_WARN_DIRECT_OBJC_ISA_USAGE = YES_ERROR;
				CLANG_WARN_DOCUMENTATION_COMMENTS = YES;
				CLANG_WARN_EMPTY_BODY = YES;
				CLANG_WARN_ENUM_CONVERSION = YES;
				CLANG_WARN_INFINITE_RECURSION = YES;
				CLANG_WARN_INT_CONVERSION = YES;
				CLANG_WARN_NON_LITERAL_NULL_CONVERSION = YES;
				CLANG_WARN_OBJC_IMPLICIT_RETAIN_SELF = YES;
				CLANG_WARN_OBJC_LITERAL_CONVERSION = YES;
				CLANG_WARN_OBJC_ROOT_CLASS = YES_ERROR;
				CLANG_WARN_RANGE_LOOP_ANALYSIS = YES;
				CLANG_WARN_STRICT_PROTOTYPES = YES;
				CLANG_WARN_SUSPICIOUS_MOVE = YES;
				CLANG_WARN_UNGUARDED_AVAILABILITY = YES_AGGRESSIVE;
				CLANG_WARN_UNREACHABLE_CODE = YES;
				CLANG_WARN__DUPLICATE_METHOD_MATCH = YES;
				CODE_SIGN_IDENTITY = "Mac Developer";
				COPY_PHASE_STRIP = NO;
				DEBUG_INFORMATION_FORMAT = dwarf;
				ENABLE_STRICT_OBJC_MSGSEND = YES;
				ENABLE_TESTABILITY = YES;
				GCC_C_LANGUAGE_STANDARD = gnu11;
				GCC_DYNAMIC_NO_PIC = NO;
				GCC_NO_COMMON_BLOCKS = YES;
				GCC_OPTIMIZATION_LEVEL = 0;
				GCC_PREPROCESSOR_DEFINITIONS = (
					"DEBUG=1",
					"$(inherited)",
				);
				GCC_WARN_64_TO_32_BIT_CONVERSION = YES;
				GCC_WARN_ABOUT_RETURN_TYPE = YES_ERROR;
				GCC_WARN_UNDECLARED_SELECTOR = YES;
				GCC_WARN_UNINITIALIZED_AUTOS = YES_AGGRESSIVE;
				GCC_WARN_UNUSED_FUNCTION = YES;
				GCC_WARN_UNUSED_VARIABLE = YES;
				MACOSX_DEPLOYMENT_TARGET = 10.13;
				MTL_ENABLE_DEBUG_INFO = YES;
				ONLY_ACTIVE_ARCH = YES;
				SDKROOT = macosx;
				SWIFT_ACTIVE_COMPILATION_CONDITIONS = DEBUG;
				SWIFT_OPTIMIZATION_LEVEL = "-Onone";
			};
			name = Debug;
		};
		8E0AFA5E208BDEA100CE8B68 /* Release */ = {
			isa = XCBuildConfiguration;
			buildSettings = {
				ALWAYS_SEARCH_USER_PATHS = NO;
				CLANG_ANALYZER_NONNULL = YES;
				CLANG_ANALYZER_NUMBER_OBJECT_CONVERSION = YES_AGGRESSIVE;
				CLANG_CXX_LANGUAGE_STANDARD = "gnu++14";
				CLANG_CXX_LIBRARY = "libc++";
				CLANG_ENABLE_MODULES = YES;
				CLANG_ENABLE_OBJC_ARC = YES;
				CLANG_ENABLE_OBJC_WEAK = YES;
				CLANG_WARN_BLOCK_CAPTURE_AUTORELEASING = YES;
				CLANG_WARN_BOOL_CONVERSION = YES;
				CLANG_WARN_COMMA = YES;
				CLANG_WARN_CONSTANT_CONVERSION = YES;
				CLANG_WARN_DEPRECATED_OBJC_IMPLEMENTATIONS = YES;
				CLANG_WARN_DIRECT_OBJC_ISA_USAGE = YES_ERROR;
				CLANG_WARN_DOCUMENTATION_COMMENTS = YES;
				CLANG_WARN_EMPTY_BODY = YES;
				CLANG_WARN_ENUM_CONVERSION = YES;
				CLANG_WARN_INFINITE_RECURSION = YES;
				CLANG_WARN_INT_CONVERSION = YES;
				CLANG_WARN_NON_LITERAL_NULL_CONVERSION = YES;
				CLANG_WARN_OBJC_IMPLICIT_RETAIN_SELF = YES;
				CLANG_WARN_OBJC_LITERAL_CONVERSION = YES;
				CLANG_WARN_OBJC_ROOT_CLASS = YES_ERROR;
				CLANG_WARN_RANGE_LOOP_ANALYSIS = YES;
				CLANG_WARN_STRICT_PROTOTYPES = YES;
				CLANG_WARN_SUSPICIOUS_MOVE = YES;
				CLANG_WARN_UNGUARDED_AVAILABILITY = YES_AGGRESSIVE;
				CLANG_WARN_UNREACHABLE_CODE = YES;
				CLANG_WARN__DUPLICATE_METHOD_MATCH = YES;
				CODE_SIGN_IDENTITY = "Mac Developer";
				COPY_PHASE_STRIP = NO;
				DEBUG_INFORMATION_FORMAT = "dwarf-with-dsym";
				ENABLE_NS_ASSERTIONS = NO;
				ENABLE_STRICT_OBJC_MSGSEND = YES;
				GCC_C_LANGUAGE_STANDARD = gnu11;
				GCC_NO_COMMON_BLOCKS = YES;
				GCC_WARN_64_TO_32_BIT_CONVERSION = YES;
				GCC_WARN_ABOUT_RETURN_TYPE = YES_ERROR;
				GCC_WARN_UNDECLARED_SELECTOR = YES;
				GCC_WARN_UNINITIALIZED_AUTOS = YES_AGGRESSIVE;
				GCC_WARN_UNUSED_FUNCTION = YES;
				GCC_WARN_UNUSED_VARIABLE = YES;
				MACOSX_DEPLOYMENT_TARGET = 10.13;
				MTL_ENABLE_DEBUG_INFO = NO;
				SDKROOT = macosx;
				SWIFT_COMPILATION_MODE = wholemodule;
				SWIFT_OPTIMIZATION_LEVEL = "-O";
			};
			name = Release;
		};
		8E0AFA60208BDEA100CE8B68 /* Debug */ = {
			isa = XCBuildConfiguration;
			buildSettings = {
				ASSETCATALOG_COMPILER_APPICON_NAME = AppIcon;
				CODE_SIGN_ENTITLEMENTS = GeoBaidu/GeoBaidu.entitlements;
				CODE_SIGN_STYLE = Automatic;
				COMBINE_HIDPI_IMAGES = YES;
				DEVELOPMENT_TEAM = ZU637G36U2;
				INFOPLIST_FILE = GeoBaidu/Info.plist;
				LD_RUNPATH_SEARCH_PATHS = (
					"$(inherited)",
					"@executable_path/../Frameworks",
				);
				PRODUCT_BUNDLE_IDENTIFIER = org.nonamecat.GeoBaidu;
				PRODUCT_NAME = "$(TARGET_NAME)";
				SWIFT_VERSION = 4.0;
			};
			name = Debug;
		};
		8E0AFA61208BDEA100CE8B68 /* Release */ = {
			isa = XCBuildConfiguration;
			buildSettings = {
				ASSETCATALOG_COMPILER_APPICON_NAME = AppIcon;
				CODE_SIGN_ENTITLEMENTS = GeoBaidu/GeoBaidu.entitlements;
				CODE_SIGN_STYLE = Automatic;
				COMBINE_HIDPI_IMAGES = YES;
				DEVELOPMENT_TEAM = ZU637G36U2;
				INFOPLIST_FILE = GeoBaidu/Info.plist;
				LD_RUNPATH_SEARCH_PATHS = (
					"$(inherited)",
					"@executable_path/../Frameworks",
				);
				PRODUCT_BUNDLE_IDENTIFIER = org.nonamecat.GeoBaidu;
				PRODUCT_NAME = "$(TARGET_NAME)";
				SWIFT_VERSION = 4.0;
			};
			name = Release;
		};
		8E0AFA63208BDEA100CE8B68 /* Debug */ = {
			isa = XCBuildConfiguration;
			buildSettings = {
				ALWAYS_EMBED_SWIFT_STANDARD_LIBRARIES = YES;
				BUNDLE_LOADER = "$(TEST_HOST)";
				CODE_SIGN_STYLE = Automatic;
				COMBINE_HIDPI_IMAGES = YES;
				DEVELOPMENT_TEAM = ZU637G36U2;
				INFOPLIST_FILE = GeoBaiduTests/Info.plist;
				LD_RUNPATH_SEARCH_PATHS = (
					"$(inherited)",
					"@executable_path/../Frameworks",
					"@loader_path/../Frameworks",
				);
				PRODUCT_BUNDLE_IDENTIFIER = org.nonamecat.GeoBaiduTests;
				PRODUCT_NAME = "$(TARGET_NAME)";
				SWIFT_VERSION = 4.0;
				TEST_HOST = "$(BUILT_PRODUCTS_DIR)/GeoBaidu.app/Contents/MacOS/GeoBaidu";
			};
			name = Debug;
		};
		8E0AFA64208BDEA100CE8B68 /* Release */ = {
			isa = XCBuildConfiguration;
			buildSettings = {
				ALWAYS_EMBED_SWIFT_STANDARD_LIBRARIES = YES;
				BUNDLE_LOADER = "$(TEST_HOST)";
				CODE_SIGN_STYLE = Automatic;
				COMBINE_HIDPI_IMAGES = YES;
				DEVELOPMENT_TEAM = ZU637G36U2;
				INFOPLIST_FILE = GeoBaiduTests/Info.plist;
				LD_RUNPATH_SEARCH_PATHS = (
					"$(inherited)",
					"@executable_path/../Frameworks",
					"@loader_path/../Frameworks",
				);
				PRODUCT_BUNDLE_IDENTIFIER = org.nonamecat.GeoBaiduTests;
				PRODUCT_NAME = "$(TARGET_NAME)";
				SWIFT_VERSION = 4.0;
				TEST_HOST = "$(BUILT_PRODUCTS_DIR)/GeoBaidu.app/Contents/MacOS/GeoBaidu";
			};
			name = Release;
		};
		8E0AFA66208BDEA100CE8B68 /* Debug */ = {
			isa = XCBuildConfiguration;
			buildSettings = {
				ALWAYS_EMBED_SWIFT_STANDARD_LIBRARIES = YES;
				CODE_SIGN_STYLE = Automatic;
				COMBINE_HIDPI_IMAGES = YES;
				DEVELOPMENT_TEAM = ZU637G36U2;
				INFOPLIST_FILE = GeoBaiduUITests/Info.plist;
				LD_RUNPATH_SEARCH_PATHS = (
					"$(inherited)",
					"@executable_path/../Frameworks",
					"@loader_path/../Frameworks",
				);
				PRODUCT_BUNDLE_IDENTIFIER = org.nonamecat.GeoBaiduUITests;
				PRODUCT_NAME = "$(TARGET_NAME)";
				SWIFT_VERSION = 4.0;
				TEST_TARGET_NAME = GeoBaidu;
			};
			name = Debug;
		};
		8E0AFA67208BDEA100CE8B68 /* Release */ = {
			isa = XCBuildConfiguration;
			buildSettings = {
				ALWAYS_EMBED_SWIFT_STANDARD_LIBRARIES = YES;
				CODE_SIGN_STYLE = Automatic;
				COMBINE_HIDPI_IMAGES = YES;
				DEVELOPMENT_TEAM = ZU637G36U2;
				INFOPLIST_FILE = GeoBaiduUITests/Info.plist;
				LD_RUNPATH_SEARCH_PATHS = (
					"$(inherited)",
					"@executable_path/../Frameworks",
					"@loader_path/../Frameworks",
				);
				PRODUCT_BUNDLE_IDENTIFIER = org.nonamecat.GeoBaiduUITests;
				PRODUCT_NAME = "$(TARGET_NAME)";
				SWIFT_VERSION = 4.0;
				TEST_TARGET_NAME = GeoBaidu;
			};
			name = Release;
		};
/* End XCBuildConfiguration section */

/* Begin XCConfigurationList section */
		8E0AFA34208BDEA000CE8B68 /* Build configuration list for PBXProject "GeoBaidu" */ = {
			isa = XCConfigurationList;
			buildConfigurations = (
				8E0AFA5D208BDEA100CE8B68 /* Debug */,
				8E0AFA5E208BDEA100CE8B68 /* Release */,
			);
			defaultConfigurationIsVisible = 0;
			defaultConfigurationName = Release;
		};
		8E0AFA5F208BDEA100CE8B68 /* Build configuration list for PBXNativeTarget "GeoBaidu" */ = {
			isa = XCConfigurationList;
			buildConfigurations = (
				8E0AFA60208BDEA100CE8B68 /* Debug */,
				8E0AFA61208BDEA100CE8B68 /* Release */,
			);
			defaultConfigurationIsVisible = 0;
			defaultConfigurationName = Release;
		};
		8E0AFA62208BDEA100CE8B68 /* Build configuration list for PBXNativeTarget "GeoBaiduTests" */ = {
			isa = XCConfigurationList;
			buildConfigurations = (
				8E0AFA63208BDEA100CE8B68 /* Debug */,
				8E0AFA64208BDEA100CE8B68 /* Release */,
			);
			defaultConfigurationIsVisible = 0;
			defaultConfigurationName = Release;
		};
		8E0AFA65208BDEA100CE8B68 /* Build configuration list for PBXNativeTarget "GeoBaiduUITests" */ = {
			isa = XCConfigurationList;
			buildConfigurations = (
				8E0AFA66208BDEA100CE8B68 /* Debug */,
				8E0AFA67208BDEA100CE8B68 /* Release */,
			);
			defaultConfigurationIsVisible = 0;
			defaultConfigurationName = Release;
		};
/* End XCConfigurationList section */
	};
	rootObject = 8E0AFA31208BDEA000CE8B68 /* Project object */;
}
