// !$*UTF8*$!
{
	archiveVersion = 1;
	classes = {
	};
	objectVersion = 50;
	objects = {

/* Begin PBXBuildFile section */
		211CCB1CC9D5DDCDB077A2DC /* Pods_ImageDocker.framework in Frameworks */ = {isa = PBXBuildFile; fileRef = 82AE2A4F2692BE8252178D24 /* Pods_ImageDocker.framework */; };
		8E015121208F7D23009C2549 /* StackedImageViewController.swift in Sources */ = {isa = PBXBuildFile; fileRef = 8E015120208F7D23009C2549 /* StackedImageViewController.swift */; };
		8E015123208F7D34009C2549 /* StackedVideoViewController.swift in Sources */ = {isa = PBXBuildFile; fileRef = 8E015122208F7D34009C2549 /* StackedVideoViewController.swift */; };
		8E06AAFC20EEFFAD000A40C9 /* GoogleLocation.swift in Sources */ = {isa = PBXBuildFile; fileRef = 8E06AAFB20EEFFAD000A40C9 /* GoogleLocation.swift */; };
		8E0AFA3D208BDEA000CE8B68 /* AppDelegate.swift in Sources */ = {isa = PBXBuildFile; fileRef = 8E0AFA3C208BDEA000CE8B68 /* AppDelegate.swift */; };
		8E0AFA41208BDEA100CE8B68 /* Assets.xcassets in Resources */ = {isa = PBXBuildFile; fileRef = 8E0AFA40208BDEA100CE8B68 /* Assets.xcassets */; };
		8E0AFA44208BDEA100CE8B68 /* Main.storyboard in Resources */ = {isa = PBXBuildFile; fileRef = 8E0AFA42208BDEA100CE8B68 /* Main.storyboard */; };
		8E0AFA50208BDEA100CE8B68 /* ImageDockerTests.swift in Sources */ = {isa = PBXBuildFile; fileRef = 8E0AFA4F208BDEA100CE8B68 /* ImageDockerTests.swift */; };
		8E0AFA5B208BDEA100CE8B68 /* ImageDockerUITests.swift in Sources */ = {isa = PBXBuildFile; fileRef = 8E0AFA5A208BDEA100CE8B68 /* ImageDockerUITests.swift */; };
		8E0EAE9A209D2623008C377F /* ImageFolderTreeScanner.swift in Sources */ = {isa = PBXBuildFile; fileRef = 8E0EAE99209D2623008C377F /* ImageFolderTreeScanner.swift */; };
		8E174B6E208F851100FFE7C7 /* ExifTool.swift in Sources */ = {isa = PBXBuildFile; fileRef = 8E174B6D208F851100FFE7C7 /* ExifTool.swift */; };
		8E2CF37620AED6BA00A93375 /* Model.xcdatamodeld in Sources */ = {isa = PBXBuildFile; fileRef = 8E2CF37420AED6BA00A93375 /* Model.xcdatamodeld */; };
		8E31C37F2120A22600002546 /* DeviceShell.swift in Sources */ = {isa = PBXBuildFile; fileRef = 8E31C37E2120A22600002546 /* DeviceShell.swift */; };
		8E36B067217920B400646EA5 /* MonthListController.swift in Sources */ = {isa = PBXBuildFile; fileRef = 8E36B066217920B400646EA5 /* MonthListController.swift */; };
		8E36B069217920C000646EA5 /* DayListController.swift in Sources */ = {isa = PBXBuildFile; fileRef = 8E36B068217920C000646EA5 /* DayListController.swift */; };
		8E36B06C21792EDC00646EA5 /* CustomRowView.swift in Sources */ = {isa = PBXBuildFile; fileRef = 8E36B06B21792EDC00646EA5 /* CustomRowView.swift */; };
		8E3EC3B4214DB1B8004B6125 /* LunarSolarConverter.swift in Sources */ = {isa = PBXBuildFile; fileRef = 8E3EC3B1214DB1B7004B6125 /* LunarSolarConverter.swift */; };
		8E3EC3B5214DB1B8004B6125 /* LunarCalendarView.swift in Sources */ = {isa = PBXBuildFile; fileRef = 8E3EC3B2214DB1B7004B6125 /* LunarCalendarView.swift */; };
		8E3EC3B6214DB1B8004B6125 /* LunarCalendarView.xib in Resources */ = {isa = PBXBuildFile; fileRef = 8E3EC3B3214DB1B7004B6125 /* LunarCalendarView.xib */; };
		8E3EC3BD214DE623004B6125 /* DateTimeViewController.swift in Sources */ = {isa = PBXBuildFile; fileRef = 8E3EC3BB214DE623004B6125 /* DateTimeViewController.swift */; };
		8E3EC3BE214DE623004B6125 /* DateTimeViewController.xib in Resources */ = {isa = PBXBuildFile; fileRef = 8E3EC3BC214DE623004B6125 /* DateTimeViewController.xib */; };
		8E4B7C1920929EFA00DDD9E0 /* LocationConsumer.swift in Sources */ = {isa = PBXBuildFile; fileRef = 8E4B7C1820929EFA00DDD9E0 /* LocationConsumer.swift */; };
		8E4C38CA211776300089502C /* Mobile in Resources */ = {isa = PBXBuildFile; fileRef = 8E4C38C92117762F0089502C /* Mobile */; };
		8E4C38CD2117B5340089502C /* Phone.swift in Sources */ = {isa = PBXBuildFile; fileRef = 8E4C38CC2117B5340089502C /* Phone.swift */; };
		8E4C38CF2117B54D0089502C /* Android.swift in Sources */ = {isa = PBXBuildFile; fileRef = 8E4C38CE2117B54D0089502C /* Android.swift */; };
		8E4C38D12117B56A0089502C /* IPHONE.swift in Sources */ = {isa = PBXBuildFile; fileRef = 8E4C38D02117B56A0089502C /* IPHONE.swift */; };
		8E4C38D3211828B00089502C /* EventsTreeController.swift in Sources */ = {isa = PBXBuildFile; fileRef = 8E4C38D2211828B00089502C /* EventsTreeController.swift */; };
		8E4C38D5211828FF0089502C /* MomentsTreeController.swift in Sources */ = {isa = PBXBuildFile; fileRef = 8E4C38D4211828FF0089502C /* MomentsTreeController.swift */; };
		8E4C38D72118291F0089502C /* LibraryTreeController.swift in Sources */ = {isa = PBXBuildFile; fileRef = 8E4C38D62118291F0089502C /* LibraryTreeController.swift */; };
		8E4C38D9211829410089502C /* DeviceTreeController.swift in Sources */ = {isa = PBXBuildFile; fileRef = 8E4C38D8211829410089502C /* DeviceTreeController.swift */; };
		8E4E5B672217349600FE4B68 /* FaceDetection.swift in Sources */ = {isa = PBXBuildFile; fileRef = 8E4E5B662217349600FE4B68 /* FaceDetection.swift */; };
		8E4E5B6922195BFF00FE4B68 /* FaceRecognition.swift in Sources */ = {isa = PBXBuildFile; fileRef = 8E4E5B6822195BFF00FE4B68 /* FaceRecognition.swift */; };
		8E4E5B762219624D00FE4B68 /* FaceRecognitionOpenCV in Resources */ = {isa = PBXBuildFile; fileRef = 8E4E5B752219624D00FE4B68 /* FaceRecognitionOpenCV */; };
		8E4E5B78221985A400FE4B68 /* ImageFace.swift in Sources */ = {isa = PBXBuildFile; fileRef = 8E4E5B77221985A400FE4B68 /* ImageFace.swift */; };
		8E4E5B7F221F3D1800FE4B68 /* PeopleViewController.swift in Sources */ = {isa = PBXBuildFile; fileRef = 8E4E5B7E221F3D1800FE4B68 /* PeopleViewController.swift */; };
		8E73E382223E494C00C14A90 /* ExecutionEnvironment.swift in Sources */ = {isa = PBXBuildFile; fileRef = 8E73E381223E494C00C14A90 /* ExecutionEnvironment.swift */; };
		8E7B98DF2147E7880019ED87 /* FileSystemHandler.swift in Sources */ = {isa = PBXBuildFile; fileRef = 8E7B98DE2147E7880019ED87 /* FileSystemHandler.swift */; };
		8E7B98E1214882080019ED87 /* Alert.swift in Sources */ = {isa = PBXBuildFile; fileRef = 8E7B98E0214882080019ED87 /* Alert.swift */; };
		8E7F71002091F14300410C45 /* BaiduLocation.swift in Sources */ = {isa = PBXBuildFile; fileRef = 8E7F70FF2091F14200410C45 /* BaiduLocation.swift */; };
		8E7F71022092053400410C45 /* MetaInfoDelegate.swift in Sources */ = {isa = PBXBuildFile; fileRef = 8E7F71012092053400410C45 /* MetaInfoDelegate.swift */; };
		8E85B7CF20B8786C005A9845 /* Accumulator.swift in Sources */ = {isa = PBXBuildFile; fileRef = 8E85B7CE20B8786C005A9845 /* Accumulator.swift */; };
		8E85B7D220B91ED1005A9845 /* SelectionCollectionViewController.swift in Sources */ = {isa = PBXBuildFile; fileRef = 8E85B7D120B91ED1005A9845 /* SelectionCollectionViewController.swift */; };
		8E85B7D420BA2AD7005A9845 /* DarkSplitView.swift in Sources */ = {isa = PBXBuildFile; fileRef = 8E85B7D320BA2AD7005A9845 /* DarkSplitView.swift */; };
		8E85B7D620BD9FD9005A9845 /* Location.swift in Sources */ = {isa = PBXBuildFile; fileRef = 8E85B7D520BD9FD9005A9845 /* Location.swift */; };
		8E85B7DA20BE2515005A9845 /* LocationTextDelegate.swift in Sources */ = {isa = PBXBuildFile; fileRef = 8E85B7D920BE2515005A9845 /* LocationTextDelegate.swift */; };
		8E8D471022213A330091E9C3 /* PeopleFace.swift in Sources */ = {isa = PBXBuildFile; fileRef = 8E8D470F22213A330091E9C3 /* PeopleFace.swift */; };
		8E8D471222279AA80091E9C3 /* FaceCollectionViewItemsLoader.swift in Sources */ = {isa = PBXBuildFile; fileRef = 8E8D471122279AA80091E9C3 /* FaceCollectionViewItemsLoader.swift */; };
		8E8D4715222991230091E9C3 /* FaceCollectionViewItem.swift in Sources */ = {isa = PBXBuildFile; fileRef = 8E8D4713222991230091E9C3 /* FaceCollectionViewItem.swift */; };
		8E8D4716222991230091E9C3 /* FaceCollectionViewItem.xib in Resources */ = {isa = PBXBuildFile; fileRef = 8E8D4714222991230091E9C3 /* FaceCollectionViewItem.xib */; };
		8E8D47182229AC220091E9C3 /* FaceIconCollectionViewController.swift in Sources */ = {isa = PBXBuildFile; fileRef = 8E8D47172229AC220091E9C3 /* FaceIconCollectionViewController.swift */; };
		8E8D471A2229AC430091E9C3 /* FaceCollectionViewController.swift in Sources */ = {isa = PBXBuildFile; fileRef = 8E8D47192229AC430091E9C3 /* FaceCollectionViewController.swift */; };
		8E8D471C22315F540091E9C3 /* SingleColumnTableViewController.swift in Sources */ = {isa = PBXBuildFile; fileRef = 8E8D471B22315F540091E9C3 /* SingleColumnTableViewController.swift */; };
		8E8D472022338DAC0091E9C3 /* TextListViewController.swift in Sources */ = {isa = PBXBuildFile; fileRef = 8E8D471F22338DAC0091E9C3 /* TextListViewController.swift */; };
		8E8D47222233DCD30091E9C3 /* DictionaryTableViewController.swift in Sources */ = {isa = PBXBuildFile; fileRef = 8E8D47212233DCD30091E9C3 /* DictionaryTableViewController.swift */; };
		8E8D47262236733B0091E9C3 /* OneColumnTableViewController.swift in Sources */ = {isa = PBXBuildFile; fileRef = 8E8D47242236733B0091E9C3 /* OneColumnTableViewController.swift */; };
		8E8D47272236733B0091E9C3 /* OneColumnTableViewController.xib in Resources */ = {isa = PBXBuildFile; fileRef = 8E8D47252236733B0091E9C3 /* OneColumnTableViewController.xib */; };
		8E8D47292236F63C0091E9C3 /* MenuPopover.swift in Sources */ = {isa = PBXBuildFile; fileRef = 8E8D47282236F63C0091E9C3 /* MenuPopover.swift */; };
		8E95739A20EBEBD7003BD651 /* FilterViewController.swift in Sources */ = {isa = PBXBuildFile; fileRef = 8E95739820EBEBD7003BD651 /* FilterViewController.swift */; };
		8E95739B20EBEBD7003BD651 /* FilterViewController.xib in Resources */ = {isa = PBXBuildFile; fileRef = 8E95739920EBEBD7003BD651 /* FilterViewController.xib */; };
		8E98B8F020D0EE3300771280 /* PlaceListViewController.swift in Sources */ = {isa = PBXBuildFile; fileRef = 8E98B8EE20D0EE3300771280 /* PlaceListViewController.swift */; };
		8E98B8F120D0EE3300771280 /* PlaceListViewController.xib in Resources */ = {isa = PBXBuildFile; fileRef = 8E98B8EF20D0EE3300771280 /* PlaceListViewController.xib */; };
		8E98B8F320D5C90600771280 /* WindowController.swift in Sources */ = {isa = PBXBuildFile; fileRef = 8E98B8F220D5C90600771280 /* WindowController.swift */; };
		8E98B8F720D6044900771280 /* Event.swift in Sources */ = {isa = PBXBuildFile; fileRef = 8E98B8F620D6044900771280 /* Event.swift */; };
		8E98B8F920D7950E00771280 /* ExportManager.swift in Sources */ = {isa = PBXBuildFile; fileRef = 8E98B8F820D7950E00771280 /* ExportManager.swift */; };
		8EA1A05D208DD78D000C3B97 /* CoordinateConverter.swift in Sources */ = {isa = PBXBuildFile; fileRef = 8EA1A05C208DD78D000C3B97 /* CoordinateConverter.swift */; };
		8EA1A05F208DFBB8000C3B97 /* MetaTableViewController.swift in Sources */ = {isa = PBXBuildFile; fileRef = 8EA1A05E208DFBB8000C3B97 /* MetaTableViewController.swift */; };
		8EA1A063208DFD92000C3B97 /* MetaInfo.swift in Sources */ = {isa = PBXBuildFile; fileRef = 8EA1A062208DFD92000C3B97 /* MetaInfo.swift */; };
		8EA643F5208D6E5100C7D695 /* PreferencesController.swift in Sources */ = {isa = PBXBuildFile; fileRef = 8EA643F4208D6E5100C7D695 /* PreferencesController.swift */; };
		8EAC5F202144A60900E187E0 /* DeviceFolderViewController.swift in Sources */ = {isa = PBXBuildFile; fileRef = 8EAC5F1E2144A60900E187E0 /* DeviceFolderViewController.swift */; };
		8EAC5F212144A60900E187E0 /* DeviceFolderViewController.xib in Resources */ = {isa = PBXBuildFile; fileRef = 8EAC5F1F2144A60900E187E0 /* DeviceFolderViewController.xib */; };
		8EB321CD20FA42AB00D8C71D /* Duplicate.swift in Sources */ = {isa = PBXBuildFile; fileRef = 8EB321CC20FA42AB00D8C71D /* Duplicate.swift */; };
		8EB321CF20FA42C700D8C71D /* ModelStore.swift in Sources */ = {isa = PBXBuildFile; fileRef = 8EB321CE20FA42C700D8C71D /* ModelStore.swift */; };
		8EB321D420FA433500D8C71D /* ImageContainer.swift in Sources */ = {isa = PBXBuildFile; fileRef = 8EB321D020FA433500D8C71D /* ImageContainer.swift */; };
		8EB321D520FA433500D8C71D /* ImagePlace.swift in Sources */ = {isa = PBXBuildFile; fileRef = 8EB321D120FA433500D8C71D /* ImagePlace.swift */; };
		8EB321D620FA433500D8C71D /* ImageEvent.swift in Sources */ = {isa = PBXBuildFile; fileRef = 8EB321D220FA433500D8C71D /* ImageEvent.swift */; };
		8EB321D720FA433500D8C71D /* Image.swift in Sources */ = {isa = PBXBuildFile; fileRef = 8EB321D320FA433500D8C71D /* Image.swift */; };
		8EB986B020B225230075B081 /* DetailViewDelegate.swift in Sources */ = {isa = PBXBuildFile; fileRef = 8EB986AF20B225230075B081 /* DetailViewDelegate.swift */; };
		8EB986B920B30C920075B081 /* CollectionViewItem.swift in Sources */ = {isa = PBXBuildFile; fileRef = 8EB986B220B30C910075B081 /* CollectionViewItem.swift */; };
		8EB986BA20B30C920075B081 /* ImageFile.swift in Sources */ = {isa = PBXBuildFile; fileRef = 8EB986B320B30C910075B081 /* ImageFile.swift */; };
		8EB986BB20B30C920075B081 /* HeaderView.xib in Resources */ = {isa = PBXBuildFile; fileRef = 8EB986B420B30C910075B081 /* HeaderView.xib */; };
		8EB986BC20B30C920075B081 /* CollectionViewDelegate.swift in Sources */ = {isa = PBXBuildFile; fileRef = 8EB986B520B30C910075B081 /* CollectionViewDelegate.swift */; };
		8EB986BD20B30C920075B081 /* CollectionViewItemsLoader.swift in Sources */ = {isa = PBXBuildFile; fileRef = 8EB986B620B30C910075B081 /* CollectionViewItemsLoader.swift */; };
		8EB986BE20B30C920075B081 /* CollectionViewItem.xib in Resources */ = {isa = PBXBuildFile; fileRef = 8EB986B720B30C920075B081 /* CollectionViewItem.xib */; };
		8EB986BF20B30C920075B081 /* HeaderView.swift in Sources */ = {isa = PBXBuildFile; fileRef = 8EB986B820B30C920075B081 /* HeaderView.swift */; };
		8EB986C120B317E70075B081 /* ModelStoreCoreData.swift in Sources */ = {isa = PBXBuildFile; fileRef = 8EB986C020B317E70075B081 /* ModelStoreCoreData.swift */; };
		8EB986C620B6EBC40075B081 /* DarkTableView.swift in Sources */ = {isa = PBXBuildFile; fileRef = 8EB986C520B6EBC40075B081 /* DarkTableView.swift */; };
		8EBA69252090C2AA00221131 /* ExifTool in Resources */ = {isa = PBXBuildFile; fileRef = 8EBA69242090C2AA00221131 /* ExifTool */; };
		8EBA692A2090C87D00221131 /* Helper.swift in Sources */ = {isa = PBXBuildFile; fileRef = 8EBA69292090C87D00221131 /* Helper.swift */; };
		8EBA692C2090DB0300221131 /* DropPlaceCommons.swift in Sources */ = {isa = PBXBuildFile; fileRef = 8EBA692B2090DB0300221131 /* DropPlaceCommons.swift */; };
		8EBA692E2090DB4B00221131 /* VideoDropView.swift in Sources */ = {isa = PBXBuildFile; fileRef = 8EBA692D2090DB4B00221131 /* VideoDropView.swift */; };
		8EBA9DDF216F8BB100DACAAD /* NotesViewController.swift in Sources */ = {isa = PBXBuildFile; fileRef = 8EBA9DDD216F8BB100DACAAD /* NotesViewController.swift */; };
		8EBA9DE0216F8BB100DACAAD /* NotesViewController.xib in Resources */ = {isa = PBXBuildFile; fileRef = 8EBA9DDE216F8BB100DACAAD /* NotesViewController.xib */; };
		8EBA9DE32173C8F000DACAAD /* TheaterViewController.swift in Sources */ = {isa = PBXBuildFile; fileRef = 8EBA9DE22173C8F000DACAAD /* TheaterViewController.swift */; };
		8EBA9DE52173CC7F00DACAAD /* TheaterQuickLookItem.swift in Sources */ = {isa = PBXBuildFile; fileRef = 8EBA9DE42173CC7F00DACAAD /* TheaterQuickLookItem.swift */; };
		8EBA9DE7217477D900DACAAD /* UIHelper.swift in Sources */ = {isa = PBXBuildFile; fileRef = 8EBA9DE6217477D900DACAAD /* UIHelper.swift */; };
		8EBA9DE921766EAB00DACAAD /* TheaterCollectionViewController.swift in Sources */ = {isa = PBXBuildFile; fileRef = 8EBA9DE821766EAB00DACAAD /* TheaterCollectionViewController.swift */; };
		8EC20B302281B4C0000F4819 /* TaskHelper.swift in Sources */ = {isa = PBXBuildFile; fileRef = 8EC20B2F2281B4C0000F4819 /* TaskHelper.swift */; };
		8EC20B322281C0B8000F4819 /* FaceTask.swift in Sources */ = {isa = PBXBuildFile; fileRef = 8EC20B312281C0B8000F4819 /* FaceTask.swift */; };
		8EC5BA2E21775571001510AF /* TheaterCollectionViewItem.swift in Sources */ = {isa = PBXBuildFile; fileRef = 8EC5BA2C21775571001510AF /* TheaterCollectionViewItem.swift */; };
		8EC5BA2F21775571001510AF /* TheaterCollectionViewItem.xib in Resources */ = {isa = PBXBuildFile; fileRef = 8EC5BA2D21775571001510AF /* TheaterCollectionViewItem.xib */; };
		8EC82EA42121C10A00FC0899 /* LocalDirectory.swift in Sources */ = {isa = PBXBuildFile; fileRef = 8EC82EA32121C10A00FC0899 /* LocalDirectory.swift */; };
		8EC82EAB2121C5A200FC0899 /* AddLocalDirectoryViewController.swift in Sources */ = {isa = PBXBuildFile; fileRef = 8EC82EA92121C5A200FC0899 /* AddLocalDirectoryViewController.swift */; };
		8EC82EAC2121C5A200FC0899 /* AddLocalDirectoryViewController.xib in Resources */ = {isa = PBXBuildFile; fileRef = 8EC82EAA2121C5A200FC0899 /* AddLocalDirectoryViewController.xib */; };
		8EC82EAE21283ED000FC0899 /* DirectoryViewDelegate.swift in Sources */ = {isa = PBXBuildFile; fileRef = 8EC82EAD21283ED000FC0899 /* DirectoryViewDelegate.swift */; };
		8EE1AB3D20D05E49001C75B0 /* EventListViewController.swift in Sources */ = {isa = PBXBuildFile; fileRef = 8EE1AB3B20D05E49001C75B0 /* EventListViewController.swift */; };
		8EE1AB3E20D05E49001C75B0 /* EventListViewController.xib in Resources */ = {isa = PBXBuildFile; fileRef = 8EE1AB3C20D05E49001C75B0 /* EventListViewController.xib */; };
		8EEB88842090B44B00CDEC81 /* ImageDropView.swift in Sources */ = {isa = PBXBuildFile; fileRef = 8EEB88832090B44B00CDEC81 /* ImageDropView.swift */; };
		8EEF071A2256C9D9000520B7 /* DevicePathDetailViewController.swift in Sources */ = {isa = PBXBuildFile; fileRef = 8EEF07182256C9D9000520B7 /* DevicePathDetailViewController.swift */; };
		8EEF071B2256C9D9000520B7 /* DevicePathDetailViewController.xib in Resources */ = {isa = PBXBuildFile; fileRef = 8EEF07192256C9D9000520B7 /* DevicePathDetailViewController.xib */; };
		8EEF071E225FCF8E000520B7 /* ContainerDetailViewController.swift in Sources */ = {isa = PBXBuildFile; fileRef = 8EEF071C225FCF8E000520B7 /* ContainerDetailViewController.swift */; };
		8EEF071F225FCF8E000520B7 /* ContainerDetailViewController.xib in Resources */ = {isa = PBXBuildFile; fileRef = 8EEF071D225FCF8E000520B7 /* ContainerDetailViewController.xib */; };
		8EEF07222260D0E1000520B7 /* CollectionPaginationViewController.swift in Sources */ = {isa = PBXBuildFile; fileRef = 8EEF07202260D0E1000520B7 /* CollectionPaginationViewController.swift */; };
		8EEF07232260D0E1000520B7 /* CollectionPaginationViewController.xib in Resources */ = {isa = PBXBuildFile; fileRef = 8EEF07212260D0E1000520B7 /* CollectionPaginationViewController.xib */; };
		8EEF0728226215E7000520B7 /* SplashViewController.swift in Sources */ = {isa = PBXBuildFile; fileRef = 8EEF0726226215E7000520B7 /* SplashViewController.swift */; };
		8EEF0729226215E7000520B7 /* SplashViewController.xib in Resources */ = {isa = PBXBuildFile; fileRef = 8EEF0727226215E7000520B7 /* SplashViewController.xib */; };
		8EEF072B22626FE8000520B7 /* ViewController.swift in Sources */ = {isa = PBXBuildFile; fileRef = 8EEF072A22626FE7000520B7 /* ViewController.swift */; };
		8EF125A622140C0F00C423CA /* ImageDevicePath.swift in Sources */ = {isa = PBXBuildFile; fileRef = 8EF125A522140C0F00C423CA /* ImageDevicePath.swift */; };
		8EF125A92214590000C423CA /* DeviceListViewController.swift in Sources */ = {isa = PBXBuildFile; fileRef = 8EF125A72214590000C423CA /* DeviceListViewController.swift */; };
		8EF125AA2214590000C423CA /* DeviceListViewController.xib in Resources */ = {isa = PBXBuildFile; fileRef = 8EF125A82214590000C423CA /* DeviceListViewController.xib */; };
		8EF125AC2216ECC500C423CA /* ContainerViewController.swift in Sources */ = {isa = PBXBuildFile; fileRef = 8EF125AB2216ECC500C423CA /* ContainerViewController.swift */; };
		8EF32D122094CB2000511538 /* SourceListIcons.xcassets in Resources */ = {isa = PBXBuildFile; fileRef = 8EF32D112094CB2000511538 /* SourceListIcons.xcassets */; };
		8EF32D142095355400511538 /* LCSourceListTableCellView.swift in Sources */ = {isa = PBXBuildFile; fileRef = 8EF32D132095355400511538 /* LCSourceListTableCellView.swift */; };
		8EF4CE5521D77BAB00C53AFF /* People.swift in Sources */ = {isa = PBXBuildFile; fileRef = 8EF4CE5421D77BAB00C53AFF /* People.swift */; };
		8EF4CE5721D77BD600C53AFF /* Family.swift in Sources */ = {isa = PBXBuildFile; fileRef = 8EF4CE5621D77BD600C53AFF /* Family.swift */; };
		8EF4CE5921D77BEA00C53AFF /* ImagePeople.swift in Sources */ = {isa = PBXBuildFile; fileRef = 8EF4CE5821D77BEA00C53AFF /* ImagePeople.swift */; };
		8EF4CE5E21D8026800C53AFF /* EditRepositoryViewController.swift in Sources */ = {isa = PBXBuildFile; fileRef = 8EF4CE5C21D8026800C53AFF /* EditRepositoryViewController.swift */; };
		8EF4CE6121E56CF700C53AFF /* ViewControllerUtils.swift in Sources */ = {isa = PBXBuildFile; fileRef = 8EF4CE6021E56CF700C53AFF /* ViewControllerUtils.swift */; };
		8EF4CE6421E56DC100C53AFF /* NotificationViewController.swift in Sources */ = {isa = PBXBuildFile; fileRef = 8EF4CE6221E56DC100C53AFF /* NotificationViewController.swift */; };
		8EF4CE6521E56DC100C53AFF /* NotificationViewController.xib in Resources */ = {isa = PBXBuildFile; fileRef = 8EF4CE6321E56DC100C53AFF /* NotificationViewController.xib */; };
		8EF4CE6721E6F29100C53AFF /* LCSourceListHeaderView.swift in Sources */ = {isa = PBXBuildFile; fileRef = 8EF4CE6621E6F29100C53AFF /* LCSourceListHeaderView.swift */; };
		8EF500CD209A804100C9805F /* ImageFolder.swift in Sources */ = {isa = PBXBuildFile; fileRef = 8EF500CC209A804100C9805F /* ImageFolder.swift */; };
		8EFA7CF9211A36F700419777 /* DeviceCopyViewController.swift in Sources */ = {isa = PBXBuildFile; fileRef = 8EFA7CF8211A36F700419777 /* DeviceCopyViewController.swift */; };
		8EFA7CFB211D713700419777 /* ImageDevice.swift in Sources */ = {isa = PBXBuildFile; fileRef = 8EFA7CFA211D713700419777 /* ImageDevice.swift */; };
		8EFA7CFD211D72B300419777 /* ImageDeviceFile.swift in Sources */ = {isa = PBXBuildFile; fileRef = 8EFA7CFC211D72B300419777 /* ImageDeviceFile.swift */; };
		8EFA7CFF211F012A00419777 /* PlacesTreeController.swift in Sources */ = {isa = PBXBuildFile; fileRef = 8EFA7CFE211F012A00419777 /* PlacesTreeController.swift */; };
		8EFAF1FB20BFFC8A007A7783 /* MetaInfoHolder.swift in Sources */ = {isa = PBXBuildFile; fileRef = 8EFAF1FA20BFFC8A007A7783 /* MetaInfoHolder.swift */; };
		8EFAF1FF20CAE422007A7783 /* Moment.swift in Sources */ = {isa = PBXBuildFile; fileRef = 8EFAF1FE20CAE422007A7783 /* Moment.swift */; };
		8EFE763C2094AF6B00B7CFCA /* TreeController.swift in Sources */ = {isa = PBXBuildFile; fileRef = 8EFE763B2094AF6B00B7CFCA /* TreeController.swift */; };
		8EFE76412094B98D00B7CFCA /* PhotoCollection.swift in Sources */ = {isa = PBXBuildFile; fileRef = 8EFE76402094B98D00B7CFCA /* PhotoCollection.swift */; };
		912F0ED0D9261254EE71E67E /* Pods_ImageDocker.framework in Frameworks */ = {isa = PBXBuildFile; fileRef = B479F2387DA097A86444200D /* Pods_ImageDocker.framework */; };
/* End PBXBuildFile section */

/* Begin PBXContainerItemProxy section */
		8E0AFA4C208BDEA100CE8B68 /* PBXContainerItemProxy */ = {
			isa = PBXContainerItemProxy;
			containerPortal = 8E0AFA31208BDEA000CE8B68 /* Project object */;
			proxyType = 1;
			remoteGlobalIDString = 8E0AFA38208BDEA000CE8B68;
			remoteInfo = ImageDocker;
		};
		8E0AFA57208BDEA100CE8B68 /* PBXContainerItemProxy */ = {
			isa = PBXContainerItemProxy;
			containerPortal = 8E0AFA31208BDEA000CE8B68 /* Project object */;
			proxyType = 1;
			remoteGlobalIDString = 8E0AFA38208BDEA000CE8B68;
			remoteInfo = ImageDocker;
		};
/* End PBXContainerItemProxy section */

/* Begin PBXFileReference section */
		5D91C952D851F04098CE50A9 /* Pods-ImageDocker.debug.xcconfig */ = {isa = PBXFileReference; includeInIndex = 1; lastKnownFileType = text.xcconfig; name = "Pods-ImageDocker.debug.xcconfig"; path = "Pods/Target Support Files/Pods-ImageDocker/Pods-ImageDocker.debug.xcconfig"; sourceTree = "<group>"; };
		735F25C54C2D63CAD538E860 /* Pods-ImageDocker.release.xcconfig */ = {isa = PBXFileReference; includeInIndex = 1; lastKnownFileType = text.xcconfig; name = "Pods-ImageDocker.release.xcconfig"; path = "Pods/Target Support Files/Pods-ImageDocker/Pods-ImageDocker.release.xcconfig"; sourceTree = "<group>"; };
		82AE2A4F2692BE8252178D24 /* Pods_ImageDocker.framework */ = {isa = PBXFileReference; explicitFileType = wrapper.framework; includeInIndex = 0; path = Pods_ImageDocker.framework; sourceTree = BUILT_PRODUCTS_DIR; };
		8E015120208F7D23009C2549 /* StackedImageViewController.swift */ = {isa = PBXFileReference; lastKnownFileType = sourcecode.swift; path = StackedImageViewController.swift; sourceTree = "<group>"; };
		8E015122208F7D34009C2549 /* StackedVideoViewController.swift */ = {isa = PBXFileReference; lastKnownFileType = sourcecode.swift; path = StackedVideoViewController.swift; sourceTree = "<group>"; };
		8E06AAFB20EEFFAD000A40C9 /* GoogleLocation.swift */ = {isa = PBXFileReference; lastKnownFileType = sourcecode.swift; path = GoogleLocation.swift; sourceTree = "<group>"; };
		8E0AFA39208BDEA000CE8B68 /* ImageDocker.app */ = {isa = PBXFileReference; explicitFileType = wrapper.application; includeInIndex = 0; path = ImageDocker.app; sourceTree = BUILT_PRODUCTS_DIR; };
		8E0AFA3C208BDEA000CE8B68 /* AppDelegate.swift */ = {isa = PBXFileReference; lastKnownFileType = sourcecode.swift; path = AppDelegate.swift; sourceTree = "<group>"; };
		8E0AFA40208BDEA100CE8B68 /* Assets.xcassets */ = {isa = PBXFileReference; lastKnownFileType = folder.assetcatalog; path = Assets.xcassets; sourceTree = "<group>"; };
		8E0AFA43208BDEA100CE8B68 /* Base */ = {isa = PBXFileReference; lastKnownFileType = file.storyboard; name = Base; path = Base.lproj/Main.storyboard; sourceTree = "<group>"; };
		8E0AFA45208BDEA100CE8B68 /* Info.plist */ = {isa = PBXFileReference; lastKnownFileType = text.plist.xml; path = Info.plist; sourceTree = "<group>"; };
		8E0AFA46208BDEA100CE8B68 /* ImageDocker.entitlements */ = {isa = PBXFileReference; lastKnownFileType = text.plist.entitlements; path = ImageDocker.entitlements; sourceTree = "<group>"; };
		8E0AFA4B208BDEA100CE8B68 /* ImageDockerTests.xctest */ = {isa = PBXFileReference; explicitFileType = wrapper.cfbundle; includeInIndex = 0; path = ImageDockerTests.xctest; sourceTree = BUILT_PRODUCTS_DIR; };
		8E0AFA4F208BDEA100CE8B68 /* ImageDockerTests.swift */ = {isa = PBXFileReference; lastKnownFileType = sourcecode.swift; path = ImageDockerTests.swift; sourceTree = "<group>"; };
		8E0AFA51208BDEA100CE8B68 /* Info.plist */ = {isa = PBXFileReference; lastKnownFileType = text.plist.xml; path = Info.plist; sourceTree = "<group>"; };
		8E0AFA56208BDEA100CE8B68 /* ImageDockerUITests.xctest */ = {isa = PBXFileReference; explicitFileType = wrapper.cfbundle; includeInIndex = 0; path = ImageDockerUITests.xctest; sourceTree = BUILT_PRODUCTS_DIR; };
		8E0AFA5A208BDEA100CE8B68 /* ImageDockerUITests.swift */ = {isa = PBXFileReference; lastKnownFileType = sourcecode.swift; path = ImageDockerUITests.swift; sourceTree = "<group>"; };
		8E0AFA5C208BDEA100CE8B68 /* Info.plist */ = {isa = PBXFileReference; lastKnownFileType = text.plist.xml; path = Info.plist; sourceTree = "<group>"; };
		8E0EAE99209D2623008C377F /* ImageFolderTreeScanner.swift */ = {isa = PBXFileReference; lastKnownFileType = sourcecode.swift; path = ImageFolderTreeScanner.swift; sourceTree = "<group>"; };
		8E174B6D208F851100FFE7C7 /* ExifTool.swift */ = {isa = PBXFileReference; lastKnownFileType = sourcecode.swift; path = ExifTool.swift; sourceTree = "<group>"; };
		8E2CF36F20AED2FE00A93375 /* CollectionView.framework */ = {isa = PBXFileReference; explicitFileType = wrapper.framework; path = CollectionView.framework; sourceTree = BUILT_PRODUCTS_DIR; };
		8E2CF37520AED6BA00A93375 /* Model.xcdatamodel */ = {isa = PBXFileReference; lastKnownFileType = wrapper.xcdatamodel; path = Model.xcdatamodel; sourceTree = "<group>"; };
		8E31C37E2120A22600002546 /* DeviceShell.swift */ = {isa = PBXFileReference; lastKnownFileType = sourcecode.swift; path = DeviceShell.swift; sourceTree = "<group>"; };
		8E36B066217920B400646EA5 /* MonthListController.swift */ = {isa = PBXFileReference; lastKnownFileType = sourcecode.swift; path = MonthListController.swift; sourceTree = "<group>"; };
		8E36B068217920C000646EA5 /* DayListController.swift */ = {isa = PBXFileReference; lastKnownFileType = sourcecode.swift; path = DayListController.swift; sourceTree = "<group>"; };
		8E36B06B21792EDC00646EA5 /* CustomRowView.swift */ = {isa = PBXFileReference; lastKnownFileType = sourcecode.swift; path = CustomRowView.swift; sourceTree = "<group>"; };
		8E3EC3B1214DB1B7004B6125 /* LunarSolarConverter.swift */ = {isa = PBXFileReference; fileEncoding = 4; lastKnownFileType = sourcecode.swift; path = LunarSolarConverter.swift; sourceTree = "<group>"; };
		8E3EC3B2214DB1B7004B6125 /* LunarCalendarView.swift */ = {isa = PBXFileReference; fileEncoding = 4; lastKnownFileType = sourcecode.swift; path = LunarCalendarView.swift; sourceTree = "<group>"; };
		8E3EC3B3214DB1B7004B6125 /* LunarCalendarView.xib */ = {isa = PBXFileReference; fileEncoding = 4; lastKnownFileType = file.xib; path = LunarCalendarView.xib; sourceTree = "<group>"; };
		8E3EC3BB214DE623004B6125 /* DateTimeViewController.swift */ = {isa = PBXFileReference; lastKnownFileType = sourcecode.swift; path = DateTimeViewController.swift; sourceTree = "<group>"; };
		8E3EC3BC214DE623004B6125 /* DateTimeViewController.xib */ = {isa = PBXFileReference; lastKnownFileType = file.xib; path = DateTimeViewController.xib; sourceTree = "<group>"; };
		8E4B7C1820929EFA00DDD9E0 /* LocationConsumer.swift */ = {isa = PBXFileReference; lastKnownFileType = sourcecode.swift; path = LocationConsumer.swift; sourceTree = "<group>"; };
		8E4C38C92117762F0089502C /* Mobile */ = {isa = PBXFileReference; lastKnownFileType = folder; path = Mobile; sourceTree = "<group>"; };
		8E4C38CC2117B5340089502C /* Phone.swift */ = {isa = PBXFileReference; lastKnownFileType = sourcecode.swift; path = Phone.swift; sourceTree = "<group>"; };
		8E4C38CE2117B54D0089502C /* Android.swift */ = {isa = PBXFileReference; lastKnownFileType = sourcecode.swift; path = Android.swift; sourceTree = "<group>"; };
		8E4C38D02117B56A0089502C /* IPHONE.swift */ = {isa = PBXFileReference; lastKnownFileType = sourcecode.swift; path = IPHONE.swift; sourceTree = "<group>"; };
		8E4C38D2211828B00089502C /* EventsTreeController.swift */ = {isa = PBXFileReference; lastKnownFileType = sourcecode.swift; path = EventsTreeController.swift; sourceTree = "<group>"; };
		8E4C38D4211828FF0089502C /* MomentsTreeController.swift */ = {isa = PBXFileReference; lastKnownFileType = sourcecode.swift; path = MomentsTreeController.swift; sourceTree = "<group>"; };
		8E4C38D62118291F0089502C /* LibraryTreeController.swift */ = {isa = PBXFileReference; lastKnownFileType = sourcecode.swift; path = LibraryTreeController.swift; sourceTree = "<group>"; };
		8E4C38D8211829410089502C /* DeviceTreeController.swift */ = {isa = PBXFileReference; lastKnownFileType = sourcecode.swift; path = DeviceTreeController.swift; sourceTree = "<group>"; };
		8E4E5B662217349600FE4B68 /* FaceDetection.swift */ = {isa = PBXFileReference; lastKnownFileType = sourcecode.swift; path = FaceDetection.swift; sourceTree = "<group>"; };
		8E4E5B6822195BFF00FE4B68 /* FaceRecognition.swift */ = {isa = PBXFileReference; lastKnownFileType = sourcecode.swift; path = FaceRecognition.swift; sourceTree = "<group>"; };
		8E4E5B752219624D00FE4B68 /* FaceRecognitionOpenCV */ = {isa = PBXFileReference; lastKnownFileType = folder; path = FaceRecognitionOpenCV; sourceTree = "<group>"; };
		8E4E5B77221985A400FE4B68 /* ImageFace.swift */ = {isa = PBXFileReference; lastKnownFileType = sourcecode.swift; path = ImageFace.swift; sourceTree = "<group>"; };
		8E4E5B7E221F3D1800FE4B68 /* PeopleViewController.swift */ = {isa = PBXFileReference; lastKnownFileType = sourcecode.swift; path = PeopleViewController.swift; sourceTree = "<group>"; };
		8E73E381223E494C00C14A90 /* ExecutionEnvironment.swift */ = {isa = PBXFileReference; lastKnownFileType = sourcecode.swift; path = ExecutionEnvironment.swift; sourceTree = "<group>"; };
		8E7B98DE2147E7880019ED87 /* FileSystemHandler.swift */ = {isa = PBXFileReference; lastKnownFileType = sourcecode.swift; path = FileSystemHandler.swift; sourceTree = "<group>"; };
		8E7B98E0214882080019ED87 /* Alert.swift */ = {isa = PBXFileReference; lastKnownFileType = sourcecode.swift; path = Alert.swift; sourceTree = "<group>"; };
		8E7F70FF2091F14200410C45 /* BaiduLocation.swift */ = {isa = PBXFileReference; lastKnownFileType = sourcecode.swift; path = BaiduLocation.swift; sourceTree = "<group>"; };
		8E7F71012092053400410C45 /* MetaInfoDelegate.swift */ = {isa = PBXFileReference; lastKnownFileType = sourcecode.swift; path = MetaInfoDelegate.swift; sourceTree = "<group>"; };
		8E85B7CE20B8786C005A9845 /* Accumulator.swift */ = {isa = PBXFileReference; lastKnownFileType = sourcecode.swift; path = Accumulator.swift; sourceTree = "<group>"; };
		8E85B7D120B91ED1005A9845 /* SelectionCollectionViewController.swift */ = {isa = PBXFileReference; lastKnownFileType = sourcecode.swift; path = SelectionCollectionViewController.swift; sourceTree = "<group>"; };
		8E85B7D320BA2AD7005A9845 /* DarkSplitView.swift */ = {isa = PBXFileReference; lastKnownFileType = sourcecode.swift; path = DarkSplitView.swift; sourceTree = "<group>"; };
		8E85B7D520BD9FD9005A9845 /* Location.swift */ = {isa = PBXFileReference; lastKnownFileType = sourcecode.swift; path = Location.swift; sourceTree = "<group>"; };
		8E85B7D920BE2515005A9845 /* LocationTextDelegate.swift */ = {isa = PBXFileReference; lastKnownFileType = sourcecode.swift; path = LocationTextDelegate.swift; sourceTree = "<group>"; };
		8E8D470F22213A330091E9C3 /* PeopleFace.swift */ = {isa = PBXFileReference; lastKnownFileType = sourcecode.swift; path = PeopleFace.swift; sourceTree = "<group>"; };
		8E8D471122279AA80091E9C3 /* FaceCollectionViewItemsLoader.swift */ = {isa = PBXFileReference; lastKnownFileType = sourcecode.swift; path = FaceCollectionViewItemsLoader.swift; sourceTree = "<group>"; };
		8E8D4713222991230091E9C3 /* FaceCollectionViewItem.swift */ = {isa = PBXFileReference; lastKnownFileType = sourcecode.swift; path = FaceCollectionViewItem.swift; sourceTree = "<group>"; };
		8E8D4714222991230091E9C3 /* FaceCollectionViewItem.xib */ = {isa = PBXFileReference; lastKnownFileType = file.xib; path = FaceCollectionViewItem.xib; sourceTree = "<group>"; };
		8E8D47172229AC220091E9C3 /* FaceIconCollectionViewController.swift */ = {isa = PBXFileReference; lastKnownFileType = sourcecode.swift; path = FaceIconCollectionViewController.swift; sourceTree = "<group>"; };
		8E8D47192229AC430091E9C3 /* FaceCollectionViewController.swift */ = {isa = PBXFileReference; lastKnownFileType = sourcecode.swift; path = FaceCollectionViewController.swift; sourceTree = "<group>"; };
		8E8D471B22315F540091E9C3 /* SingleColumnTableViewController.swift */ = {isa = PBXFileReference; lastKnownFileType = sourcecode.swift; path = SingleColumnTableViewController.swift; sourceTree = "<group>"; };
		8E8D471F22338DAC0091E9C3 /* TextListViewController.swift */ = {isa = PBXFileReference; lastKnownFileType = sourcecode.swift; path = TextListViewController.swift; sourceTree = "<group>"; };
		8E8D47212233DCD30091E9C3 /* DictionaryTableViewController.swift */ = {isa = PBXFileReference; lastKnownFileType = sourcecode.swift; path = DictionaryTableViewController.swift; sourceTree = "<group>"; };
		8E8D47242236733B0091E9C3 /* OneColumnTableViewController.swift */ = {isa = PBXFileReference; lastKnownFileType = sourcecode.swift; path = OneColumnTableViewController.swift; sourceTree = "<group>"; };
		8E8D47252236733B0091E9C3 /* OneColumnTableViewController.xib */ = {isa = PBXFileReference; lastKnownFileType = file.xib; path = OneColumnTableViewController.xib; sourceTree = "<group>"; };
		8E8D47282236F63C0091E9C3 /* MenuPopover.swift */ = {isa = PBXFileReference; lastKnownFileType = sourcecode.swift; path = MenuPopover.swift; sourceTree = "<group>"; };
		8E95739820EBEBD7003BD651 /* FilterViewController.swift */ = {isa = PBXFileReference; lastKnownFileType = sourcecode.swift; path = FilterViewController.swift; sourceTree = "<group>"; };
		8E95739920EBEBD7003BD651 /* FilterViewController.xib */ = {isa = PBXFileReference; lastKnownFileType = file.xib; path = FilterViewController.xib; sourceTree = "<group>"; };
		8E98B8EE20D0EE3300771280 /* PlaceListViewController.swift */ = {isa = PBXFileReference; lastKnownFileType = sourcecode.swift; path = PlaceListViewController.swift; sourceTree = "<group>"; };
		8E98B8EF20D0EE3300771280 /* PlaceListViewController.xib */ = {isa = PBXFileReference; lastKnownFileType = file.xib; path = PlaceListViewController.xib; sourceTree = "<group>"; };
		8E98B8F220D5C90600771280 /* WindowController.swift */ = {isa = PBXFileReference; lastKnownFileType = sourcecode.swift; path = WindowController.swift; sourceTree = "<group>"; };
		8E98B8F620D6044900771280 /* Event.swift */ = {isa = PBXFileReference; lastKnownFileType = sourcecode.swift; path = Event.swift; sourceTree = "<group>"; };
		8E98B8F820D7950E00771280 /* ExportManager.swift */ = {isa = PBXFileReference; lastKnownFileType = sourcecode.swift; path = ExportManager.swift; sourceTree = "<group>"; };
		8EA1A05C208DD78D000C3B97 /* CoordinateConverter.swift */ = {isa = PBXFileReference; lastKnownFileType = sourcecode.swift; path = CoordinateConverter.swift; sourceTree = "<group>"; };
		8EA1A05E208DFBB8000C3B97 /* MetaTableViewController.swift */ = {isa = PBXFileReference; lastKnownFileType = sourcecode.swift; path = MetaTableViewController.swift; sourceTree = "<group>"; };
		8EA1A062208DFD92000C3B97 /* MetaInfo.swift */ = {isa = PBXFileReference; lastKnownFileType = sourcecode.swift; path = MetaInfo.swift; sourceTree = "<group>"; };
		8EA643F4208D6E5100C7D695 /* PreferencesController.swift */ = {isa = PBXFileReference; lastKnownFileType = sourcecode.swift; path = PreferencesController.swift; sourceTree = "<group>"; };
		8EAC5F1E2144A60900E187E0 /* DeviceFolderViewController.swift */ = {isa = PBXFileReference; lastKnownFileType = sourcecode.swift; path = DeviceFolderViewController.swift; sourceTree = "<group>"; };
		8EAC5F1F2144A60900E187E0 /* DeviceFolderViewController.xib */ = {isa = PBXFileReference; lastKnownFileType = file.xib; path = DeviceFolderViewController.xib; sourceTree = "<group>"; };
		8EB321CC20FA42AB00D8C71D /* Duplicate.swift */ = {isa = PBXFileReference; lastKnownFileType = sourcecode.swift; path = Duplicate.swift; sourceTree = "<group>"; };
		8EB321CE20FA42C700D8C71D /* ModelStore.swift */ = {isa = PBXFileReference; lastKnownFileType = sourcecode.swift; path = ModelStore.swift; sourceTree = "<group>"; };
		8EB321D020FA433500D8C71D /* ImageContainer.swift */ = {isa = PBXFileReference; fileEncoding = 4; lastKnownFileType = sourcecode.swift; name = ImageContainer.swift; path = ImageDocker/Domain/GRDB/ImageContainer.swift; sourceTree = SOURCE_ROOT; };
		8EB321D120FA433500D8C71D /* ImagePlace.swift */ = {isa = PBXFileReference; fileEncoding = 4; lastKnownFileType = sourcecode.swift; name = ImagePlace.swift; path = ImageDocker/Domain/GRDB/ImagePlace.swift; sourceTree = SOURCE_ROOT; };
		8EB321D220FA433500D8C71D /* ImageEvent.swift */ = {isa = PBXFileReference; fileEncoding = 4; lastKnownFileType = sourcecode.swift; name = ImageEvent.swift; path = ImageDocker/Domain/GRDB/ImageEvent.swift; sourceTree = SOURCE_ROOT; };
		8EB321D320FA433500D8C71D /* Image.swift */ = {isa = PBXFileReference; fileEncoding = 4; lastKnownFileType = sourcecode.swift; name = Image.swift; path = ImageDocker/Domain/GRDB/Image.swift; sourceTree = SOURCE_ROOT; };
		8EB986AF20B225230075B081 /* DetailViewDelegate.swift */ = {isa = PBXFileReference; lastKnownFileType = sourcecode.swift; path = DetailViewDelegate.swift; sourceTree = "<group>"; };
		8EB986B220B30C910075B081 /* CollectionViewItem.swift */ = {isa = PBXFileReference; fileEncoding = 4; lastKnownFileType = sourcecode.swift; path = CollectionViewItem.swift; sourceTree = "<group>"; };
		8EB986B320B30C910075B081 /* ImageFile.swift */ = {isa = PBXFileReference; fileEncoding = 4; lastKnownFileType = sourcecode.swift; path = ImageFile.swift; sourceTree = "<group>"; };
		8EB986B420B30C910075B081 /* HeaderView.xib */ = {isa = PBXFileReference; fileEncoding = 4; lastKnownFileType = file.xib; path = HeaderView.xib; sourceTree = "<group>"; };
		8EB986B520B30C910075B081 /* CollectionViewDelegate.swift */ = {isa = PBXFileReference; fileEncoding = 4; lastKnownFileType = sourcecode.swift; path = CollectionViewDelegate.swift; sourceTree = "<group>"; };
		8EB986B620B30C910075B081 /* CollectionViewItemsLoader.swift */ = {isa = PBXFileReference; fileEncoding = 4; lastKnownFileType = sourcecode.swift; path = CollectionViewItemsLoader.swift; sourceTree = "<group>"; };
		8EB986B720B30C920075B081 /* CollectionViewItem.xib */ = {isa = PBXFileReference; fileEncoding = 4; lastKnownFileType = file.xib; path = CollectionViewItem.xib; sourceTree = "<group>"; };
		8EB986B820B30C920075B081 /* HeaderView.swift */ = {isa = PBXFileReference; fileEncoding = 4; lastKnownFileType = sourcecode.swift; path = HeaderView.swift; sourceTree = "<group>"; };
		8EB986C020B317E70075B081 /* ModelStoreCoreData.swift */ = {isa = PBXFileReference; lastKnownFileType = sourcecode.swift; path = ModelStoreCoreData.swift; sourceTree = "<group>"; };
		8EB986C520B6EBC40075B081 /* DarkTableView.swift */ = {isa = PBXFileReference; lastKnownFileType = sourcecode.swift; path = DarkTableView.swift; sourceTree = "<group>"; };
		8EBA69242090C2AA00221131 /* ExifTool */ = {isa = PBXFileReference; lastKnownFileType = folder; path = ExifTool; sourceTree = "<group>"; };
		8EBA69292090C87D00221131 /* Helper.swift */ = {isa = PBXFileReference; lastKnownFileType = sourcecode.swift; path = Helper.swift; sourceTree = "<group>"; };
		8EBA692B2090DB0300221131 /* DropPlaceCommons.swift */ = {isa = PBXFileReference; lastKnownFileType = sourcecode.swift; path = DropPlaceCommons.swift; sourceTree = "<group>"; };
		8EBA692D2090DB4B00221131 /* VideoDropView.swift */ = {isa = PBXFileReference; lastKnownFileType = sourcecode.swift; path = VideoDropView.swift; sourceTree = "<group>"; };
		8EBA9DDD216F8BB100DACAAD /* NotesViewController.swift */ = {isa = PBXFileReference; lastKnownFileType = sourcecode.swift; path = NotesViewController.swift; sourceTree = "<group>"; };
		8EBA9DDE216F8BB100DACAAD /* NotesViewController.xib */ = {isa = PBXFileReference; lastKnownFileType = file.xib; path = NotesViewController.xib; sourceTree = "<group>"; };
		8EBA9DE22173C8F000DACAAD /* TheaterViewController.swift */ = {isa = PBXFileReference; lastKnownFileType = sourcecode.swift; path = TheaterViewController.swift; sourceTree = "<group>"; };
		8EBA9DE42173CC7F00DACAAD /* TheaterQuickLookItem.swift */ = {isa = PBXFileReference; lastKnownFileType = sourcecode.swift; path = TheaterQuickLookItem.swift; sourceTree = "<group>"; };
		8EBA9DE6217477D900DACAAD /* UIHelper.swift */ = {isa = PBXFileReference; lastKnownFileType = sourcecode.swift; path = UIHelper.swift; sourceTree = "<group>"; };
		8EBA9DE821766EAB00DACAAD /* TheaterCollectionViewController.swift */ = {isa = PBXFileReference; lastKnownFileType = sourcecode.swift; path = TheaterCollectionViewController.swift; sourceTree = "<group>"; };
		8EC20B2F2281B4C0000F4819 /* TaskHelper.swift */ = {isa = PBXFileReference; lastKnownFileType = sourcecode.swift; path = TaskHelper.swift; sourceTree = "<group>"; };
		8EC20B312281C0B8000F4819 /* FaceTask.swift */ = {isa = PBXFileReference; lastKnownFileType = sourcecode.swift; path = FaceTask.swift; sourceTree = "<group>"; };
		8EC5BA2C21775571001510AF /* TheaterCollectionViewItem.swift */ = {isa = PBXFileReference; lastKnownFileType = sourcecode.swift; path = TheaterCollectionViewItem.swift; sourceTree = "<group>"; };
		8EC5BA2D21775571001510AF /* TheaterCollectionViewItem.xib */ = {isa = PBXFileReference; lastKnownFileType = file.xib; path = TheaterCollectionViewItem.xib; sourceTree = "<group>"; };
		8EC82EA32121C10A00FC0899 /* LocalDirectory.swift */ = {isa = PBXFileReference; lastKnownFileType = sourcecode.swift; path = LocalDirectory.swift; sourceTree = "<group>"; };
		8EC82EA92121C5A200FC0899 /* AddLocalDirectoryViewController.swift */ = {isa = PBXFileReference; lastKnownFileType = sourcecode.swift; path = AddLocalDirectoryViewController.swift; sourceTree = "<group>"; };
		8EC82EAA2121C5A200FC0899 /* AddLocalDirectoryViewController.xib */ = {isa = PBXFileReference; lastKnownFileType = file.xib; path = AddLocalDirectoryViewController.xib; sourceTree = "<group>"; };
		8EC82EAD21283ED000FC0899 /* DirectoryViewDelegate.swift */ = {isa = PBXFileReference; lastKnownFileType = sourcecode.swift; path = DirectoryViewDelegate.swift; sourceTree = "<group>"; };
		8EE1AB3B20D05E49001C75B0 /* EventListViewController.swift */ = {isa = PBXFileReference; lastKnownFileType = sourcecode.swift; path = EventListViewController.swift; sourceTree = "<group>"; };
		8EE1AB3C20D05E49001C75B0 /* EventListViewController.xib */ = {isa = PBXFileReference; lastKnownFileType = file.xib; path = EventListViewController.xib; sourceTree = "<group>"; };
		8EEB88832090B44B00CDEC81 /* ImageDropView.swift */ = {isa = PBXFileReference; lastKnownFileType = sourcecode.swift; path = ImageDropView.swift; sourceTree = "<group>"; };
		8EEF07182256C9D9000520B7 /* DevicePathDetailViewController.swift */ = {isa = PBXFileReference; lastKnownFileType = sourcecode.swift; path = DevicePathDetailViewController.swift; sourceTree = "<group>"; };
		8EEF07192256C9D9000520B7 /* DevicePathDetailViewController.xib */ = {isa = PBXFileReference; lastKnownFileType = file.xib; path = DevicePathDetailViewController.xib; sourceTree = "<group>"; };
		8EEF071C225FCF8E000520B7 /* ContainerDetailViewController.swift */ = {isa = PBXFileReference; lastKnownFileType = sourcecode.swift; path = ContainerDetailViewController.swift; sourceTree = "<group>"; };
		8EEF071D225FCF8E000520B7 /* ContainerDetailViewController.xib */ = {isa = PBXFileReference; lastKnownFileType = file.xib; path = ContainerDetailViewController.xib; sourceTree = "<group>"; };
		8EEF07202260D0E1000520B7 /* CollectionPaginationViewController.swift */ = {isa = PBXFileReference; lastKnownFileType = sourcecode.swift; path = CollectionPaginationViewController.swift; sourceTree = "<group>"; };
		8EEF07212260D0E1000520B7 /* CollectionPaginationViewController.xib */ = {isa = PBXFileReference; lastKnownFileType = file.xib; path = CollectionPaginationViewController.xib; sourceTree = "<group>"; };
		8EEF0726226215E7000520B7 /* SplashViewController.swift */ = {isa = PBXFileReference; lastKnownFileType = sourcecode.swift; path = SplashViewController.swift; sourceTree = "<group>"; };
		8EEF0727226215E7000520B7 /* SplashViewController.xib */ = {isa = PBXFileReference; lastKnownFileType = file.xib; path = SplashViewController.xib; sourceTree = "<group>"; };
		8EEF072A22626FE7000520B7 /* ViewController.swift */ = {isa = PBXFileReference; fileEncoding = 4; lastKnownFileType = sourcecode.swift; path = ViewController.swift; sourceTree = "<group>"; };
		8EF125A522140C0F00C423CA /* ImageDevicePath.swift */ = {isa = PBXFileReference; lastKnownFileType = sourcecode.swift; path = ImageDevicePath.swift; sourceTree = "<group>"; };
		8EF125A72214590000C423CA /* DeviceListViewController.swift */ = {isa = PBXFileReference; lastKnownFileType = sourcecode.swift; path = DeviceListViewController.swift; sourceTree = "<group>"; };
		8EF125A82214590000C423CA /* DeviceListViewController.xib */ = {isa = PBXFileReference; lastKnownFileType = file.xib; path = DeviceListViewController.xib; sourceTree = "<group>"; };
		8EF125AB2216ECC500C423CA /* ContainerViewController.swift */ = {isa = PBXFileReference; lastKnownFileType = sourcecode.swift; path = ContainerViewController.swift; sourceTree = "<group>"; };
		8EF32D112094CB2000511538 /* SourceListIcons.xcassets */ = {isa = PBXFileReference; lastKnownFileType = folder.assetcatalog; path = SourceListIcons.xcassets; sourceTree = "<group>"; };
		8EF32D132095355400511538 /* LCSourceListTableCellView.swift */ = {isa = PBXFileReference; lastKnownFileType = sourcecode.swift; path = LCSourceListTableCellView.swift; sourceTree = "<group>"; };
		8EF4CE5421D77BAB00C53AFF /* People.swift */ = {isa = PBXFileReference; lastKnownFileType = sourcecode.swift; path = People.swift; sourceTree = "<group>"; };
		8EF4CE5621D77BD600C53AFF /* Family.swift */ = {isa = PBXFileReference; lastKnownFileType = sourcecode.swift; path = Family.swift; sourceTree = "<group>"; };
		8EF4CE5821D77BEA00C53AFF /* ImagePeople.swift */ = {isa = PBXFileReference; lastKnownFileType = sourcecode.swift; path = ImagePeople.swift; sourceTree = "<group>"; };
		8EF4CE5C21D8026800C53AFF /* EditRepositoryViewController.swift */ = {isa = PBXFileReference; lastKnownFileType = sourcecode.swift; path = EditRepositoryViewController.swift; sourceTree = "<group>"; };
		8EF4CE6021E56CF700C53AFF /* ViewControllerUtils.swift */ = {isa = PBXFileReference; lastKnownFileType = sourcecode.swift; path = ViewControllerUtils.swift; sourceTree = "<group>"; };
		8EF4CE6221E56DC100C53AFF /* NotificationViewController.swift */ = {isa = PBXFileReference; lastKnownFileType = sourcecode.swift; path = NotificationViewController.swift; sourceTree = "<group>"; };
		8EF4CE6321E56DC100C53AFF /* NotificationViewController.xib */ = {isa = PBXFileReference; lastKnownFileType = file.xib; path = NotificationViewController.xib; sourceTree = "<group>"; };
		8EF4CE6621E6F29100C53AFF /* LCSourceListHeaderView.swift */ = {isa = PBXFileReference; lastKnownFileType = sourcecode.swift; path = LCSourceListHeaderView.swift; sourceTree = "<group>"; };
		8EF500CC209A804100C9805F /* ImageFolder.swift */ = {isa = PBXFileReference; lastKnownFileType = sourcecode.swift; path = ImageFolder.swift; sourceTree = "<group>"; };
		8EFA7CF8211A36F700419777 /* DeviceCopyViewController.swift */ = {isa = PBXFileReference; lastKnownFileType = sourcecode.swift; path = DeviceCopyViewController.swift; sourceTree = "<group>"; };
		8EFA7CFA211D713700419777 /* ImageDevice.swift */ = {isa = PBXFileReference; lastKnownFileType = sourcecode.swift; path = ImageDevice.swift; sourceTree = "<group>"; };
		8EFA7CFC211D72B300419777 /* ImageDeviceFile.swift */ = {isa = PBXFileReference; lastKnownFileType = sourcecode.swift; path = ImageDeviceFile.swift; sourceTree = "<group>"; };
		8EFA7CFE211F012A00419777 /* PlacesTreeController.swift */ = {isa = PBXFileReference; lastKnownFileType = sourcecode.swift; path = PlacesTreeController.swift; sourceTree = "<group>"; };
		8EFAF1FA20BFFC8A007A7783 /* MetaInfoHolder.swift */ = {isa = PBXFileReference; lastKnownFileType = sourcecode.swift; path = MetaInfoHolder.swift; sourceTree = "<group>"; };
		8EFAF1FE20CAE422007A7783 /* Moment.swift */ = {isa = PBXFileReference; lastKnownFileType = sourcecode.swift; path = Moment.swift; sourceTree = "<group>"; };
		8EFE763B2094AF6B00B7CFCA /* TreeController.swift */ = {isa = PBXFileReference; lastKnownFileType = sourcecode.swift; path = TreeController.swift; sourceTree = "<group>"; };
		8EFE763D2094B12200B7CFCA /* ImageDocker-Bridging-Header.h */ = {isa = PBXFileReference; lastKnownFileType = sourcecode.c.h; path = "ImageDocker-Bridging-Header.h"; sourceTree = "<group>"; };
		8EFE76402094B98D00B7CFCA /* PhotoCollection.swift */ = {isa = PBXFileReference; lastKnownFileType = sourcecode.swift; path = PhotoCollection.swift; sourceTree = "<group>"; };
		B479F2387DA097A86444200D /* Pods_ImageDocker.framework */ = {isa = PBXFileReference; explicitFileType = wrapper.framework; includeInIndex = 0; path = Pods_ImageDocker.framework; sourceTree = BUILT_PRODUCTS_DIR; };
		D7145076C66463FEEE891BB9 /* Pods-ImageDocker.debug.xcconfig */ = {isa = PBXFileReference; includeInIndex = 1; lastKnownFileType = text.xcconfig; name = "Pods-ImageDocker.debug.xcconfig"; path = "Pods/Target Support Files/Pods-ImageDocker/Pods-ImageDocker.debug.xcconfig"; sourceTree = "<group>"; };
		E1C548BE0FF4031E723C91D3 /* Pods-ImageDocker.release.xcconfig */ = {isa = PBXFileReference; includeInIndex = 1; lastKnownFileType = text.xcconfig; name = "Pods-ImageDocker.release.xcconfig"; path = "Pods/Target Support Files/Pods-ImageDocker/Pods-ImageDocker.release.xcconfig"; sourceTree = "<group>"; };
/* End PBXFileReference section */

/* Begin PBXFrameworksBuildPhase section */
		8E0AFA36208BDEA000CE8B68 /* Frameworks */ = {
			isa = PBXFrameworksBuildPhase;
			buildActionMask = 2147483647;
			files = (
				211CCB1CC9D5DDCDB077A2DC /* Pods_ImageDocker.framework in Frameworks */,
				912F0ED0D9261254EE71E67E /* Pods_ImageDocker.framework in Frameworks */,
			);
			runOnlyForDeploymentPostprocessing = 0;
		};
		8E0AFA48208BDEA100CE8B68 /* Frameworks */ = {
			isa = PBXFrameworksBuildPhase;
			buildActionMask = 2147483647;
			files = (
			);
			runOnlyForDeploymentPostprocessing = 0;
		};
		8E0AFA53208BDEA100CE8B68 /* Frameworks */ = {
			isa = PBXFrameworksBuildPhase;
			buildActionMask = 2147483647;
			files = (
			);
			runOnlyForDeploymentPostprocessing = 0;
		};
/* End PBXFrameworksBuildPhase section */

/* Begin PBXGroup section */
		647EF5471AA41950F5DAFEE8 /* Pods */ = {
			isa = PBXGroup;
			children = (
				5D91C952D851F04098CE50A9 /* Pods-ImageDocker.debug.xcconfig */,
				735F25C54C2D63CAD538E860 /* Pods-ImageDocker.release.xcconfig */,
				D7145076C66463FEEE891BB9 /* Pods-ImageDocker.debug.xcconfig */,
				E1C548BE0FF4031E723C91D3 /* Pods-ImageDocker.release.xcconfig */,
			);
			name = Pods;
			sourceTree = "<group>";
		};
		8E0AFA30208BDEA000CE8B68 = {
			isa = PBXGroup;
			children = (
				8E0AFA3B208BDEA000CE8B68 /* ImageDocker */,
				8E0AFA4E208BDEA100CE8B68 /* ImageDockerTests */,
				8E0AFA59208BDEA100CE8B68 /* ImageDockerUITests */,
				8E0AFA3A208BDEA000CE8B68 /* Products */,
				647EF5471AA41950F5DAFEE8 /* Pods */,
				BF292D703FDC467A9B710F29 /* Frameworks */,
			);
			sourceTree = "<group>";
		};
		8E0AFA3A208BDEA000CE8B68 /* Products */ = {
			isa = PBXGroup;
			children = (
				8E0AFA39208BDEA000CE8B68 /* ImageDocker.app */,
				8E0AFA4B208BDEA100CE8B68 /* ImageDockerTests.xctest */,
				8E0AFA56208BDEA100CE8B68 /* ImageDockerUITests.xctest */,
			);
			name = Products;
			sourceTree = "<group>";
		};
		8E0AFA3B208BDEA000CE8B68 /* ImageDocker */ = {
			isa = PBXGroup;
			children = (
				8EEF0725226215C8000520B7 /* Splash */,
				8EB986AE20B223BF0075B081 /* Domain */,
				8EFA7CF7211A36C900419777 /* Device */,
				8EBA9DE12173C7FC00DACAAD /* Theater */,
				8E4E5B79221F3C0C00FE4B68 /* People */,
				8EB986B120B2255A0075B081 /* Detail */,
				8EB986A820B21AEC0075B081 /* Collection */,
				8E85B7D020B91E9E005A9845 /* Selection */,
				8E3EC3B8214DB235004B6125 /* SelectionEditor */,
				8EB986AA20B21D3E0075B081 /* Tree */,
				8EB986AC20B223550075B081 /* Tools */,
				8EBA69262090C37B00221131 /* Supporting Files */,
				8E0AFA3C208BDEA000CE8B68 /* AppDelegate.swift */,
				8EF4CE6021E56CF700C53AFF /* ViewControllerUtils.swift */,
				8EEF072A22626FE7000520B7 /* ViewController.swift */,
				8E0AFA42208BDEA100CE8B68 /* Main.storyboard */,
				8EA643F4208D6E5100C7D695 /* PreferencesController.swift */,
				8E98B8F220D5C90600771280 /* WindowController.swift */,
			);
			path = ImageDocker;
			sourceTree = "<group>";
		};
		8E0AFA4E208BDEA100CE8B68 /* ImageDockerTests */ = {
			isa = PBXGroup;
			children = (
				8E0AFA4F208BDEA100CE8B68 /* ImageDockerTests.swift */,
				8E0AFA51208BDEA100CE8B68 /* Info.plist */,
			);
			path = ImageDockerTests;
			sourceTree = "<group>";
		};
		8E0AFA59208BDEA100CE8B68 /* ImageDockerUITests */ = {
			isa = PBXGroup;
			children = (
				8E0AFA5A208BDEA100CE8B68 /* ImageDockerUITests.swift */,
				8E0AFA5C208BDEA100CE8B68 /* Info.plist */,
			);
			path = ImageDockerUITests;
			sourceTree = "<group>";
		};
		8E3EC3B7214DB1E4004B6125 /* Calendar */ = {
			isa = PBXGroup;
			children = (
				8E3EC3B2214DB1B7004B6125 /* LunarCalendarView.swift */,
				8E3EC3B3214DB1B7004B6125 /* LunarCalendarView.xib */,
				8E3EC3B1214DB1B7004B6125 /* LunarSolarConverter.swift */,
			);
			name = Calendar;
			path = "New Group";
			sourceTree = "<group>";
		};
		8E3EC3B8214DB235004B6125 /* SelectionEditor */ = {
			isa = PBXGroup;
			children = (
				8EE1AB3B20D05E49001C75B0 /* EventListViewController.swift */,
				8EE1AB3C20D05E49001C75B0 /* EventListViewController.xib */,
				8E98B8EE20D0EE3300771280 /* PlaceListViewController.swift */,
				8E98B8EF20D0EE3300771280 /* PlaceListViewController.xib */,
				8E3EC3BB214DE623004B6125 /* DateTimeViewController.swift */,
				8E3EC3BC214DE623004B6125 /* DateTimeViewController.xib */,
				8EBA9DDD216F8BB100DACAAD /* NotesViewController.swift */,
				8EBA9DDE216F8BB100DACAAD /* NotesViewController.xib */,
			);
			path = SelectionEditor;
			sourceTree = "<group>";
		};
		8E3EC3B9214DC0FC004B6125 /* CoreData */ = {
			isa = PBXGroup;
			children = (
				8E2CF37420AED6BA00A93375 /* Model.xcdatamodeld */,
				8EB986C020B317E70075B081 /* ModelStoreCoreData.swift */,
			);
			path = CoreData;
			sourceTree = "<group>";
		};
		8E3EC3BA214DC120004B6125 /* GRDB */ = {
			isa = PBXGroup;
			children = (
				8EB321CE20FA42C700D8C71D /* ModelStore.swift */,
				8EB321D320FA433500D8C71D /* Image.swift */,
				8EB321D020FA433500D8C71D /* ImageContainer.swift */,
				8EFA7CFA211D713700419777 /* ImageDevice.swift */,
				8EFA7CFC211D72B300419777 /* ImageDeviceFile.swift */,
				8EF125A522140C0F00C423CA /* ImageDevicePath.swift */,
				8EB321D220FA433500D8C71D /* ImageEvent.swift */,
				8EB321D120FA433500D8C71D /* ImagePlace.swift */,
				8EF4CE5421D77BAB00C53AFF /* People.swift */,
				8EF4CE5621D77BD600C53AFF /* Family.swift */,
				8EF4CE5821D77BEA00C53AFF /* ImagePeople.swift */,
				8E4E5B77221985A400FE4B68 /* ImageFace.swift */,
			);
			path = GRDB;
			sourceTree = "<group>";
		};
		8E4C38CB2117B5190089502C /* Device */ = {
			isa = PBXGroup;
			children = (
				8E4C38CC2117B5340089502C /* Phone.swift */,
				8E4C38CE2117B54D0089502C /* Android.swift */,
				8E4C38D02117B56A0089502C /* IPHONE.swift */,
				8E31C37E2120A22600002546 /* DeviceShell.swift */,
				8EC82EA32121C10A00FC0899 /* LocalDirectory.swift */,
				8E7B98DE2147E7880019ED87 /* FileSystemHandler.swift */,
			);
			path = Device;
			sourceTree = "<group>";
		};
		8E4E5B79221F3C0C00FE4B68 /* People */ = {
			isa = PBXGroup;
			children = (
				8E4E5B7E221F3D1800FE4B68 /* PeopleViewController.swift */,
				8E8D471122279AA80091E9C3 /* FaceCollectionViewItemsLoader.swift */,
				8E8D4713222991230091E9C3 /* FaceCollectionViewItem.swift */,
				8E8D4714222991230091E9C3 /* FaceCollectionViewItem.xib */,
				8E8D47172229AC220091E9C3 /* FaceIconCollectionViewController.swift */,
				8E8D47192229AC430091E9C3 /* FaceCollectionViewController.swift */,
			);
			path = People;
			sourceTree = "<group>";
		};
		8E85B7D020B91E9E005A9845 /* Selection */ = {
			isa = PBXGroup;
			children = (
				8E85B7D120B91ED1005A9845 /* SelectionCollectionViewController.swift */,
			);
			path = Selection;
			sourceTree = "<group>";
		};
		8EB986A820B21AEC0075B081 /* Collection */ = {
			isa = PBXGroup;
			children = (
				8EB986B520B30C910075B081 /* CollectionViewDelegate.swift */,
				8EB986B220B30C910075B081 /* CollectionViewItem.swift */,
				8EB986B720B30C920075B081 /* CollectionViewItem.xib */,
				8EB986B820B30C920075B081 /* HeaderView.swift */,
				8EB986B420B30C910075B081 /* HeaderView.xib */,
				8EB986B620B30C910075B081 /* CollectionViewItemsLoader.swift */,
			);
			path = Collection;
			sourceTree = "<group>";
		};
		8EB986AA20B21D3E0075B081 /* Tree */ = {
			isa = PBXGroup;
			children = (
				8EFA7D01211F93C000419777 /* Domain */,
				8EFA7D00211F93B400419777 /* View */,
				8EE1AB3A20D05E0C001C75B0 /* Search */,
				8EFE763B2094AF6B00B7CFCA /* TreeController.swift */,
				8E4C38D2211828B00089502C /* EventsTreeController.swift */,
				8E4C38D4211828FF0089502C /* MomentsTreeController.swift */,
				8E4C38D62118291F0089502C /* LibraryTreeController.swift */,
				8E4C38D8211829410089502C /* DeviceTreeController.swift */,
				8EFA7CFE211F012A00419777 /* PlacesTreeController.swift */,
				8EF125A72214590000C423CA /* DeviceListViewController.swift */,
				8EF125A82214590000C423CA /* DeviceListViewController.xib */,
				8EF4CE5C21D8026800C53AFF /* EditRepositoryViewController.swift */,
				8EF125AB2216ECC500C423CA /* ContainerViewController.swift */,
				8EEF071C225FCF8E000520B7 /* ContainerDetailViewController.swift */,
				8EEF071D225FCF8E000520B7 /* ContainerDetailViewController.xib */,
				8EEF07202260D0E1000520B7 /* CollectionPaginationViewController.swift */,
				8EEF07212260D0E1000520B7 /* CollectionPaginationViewController.xib */,
			);
			path = Tree;
			sourceTree = "<group>";
		};
		8EB986AC20B223550075B081 /* Tools */ = {
			isa = PBXGroup;
			children = (
				8E4C38CB2117B5190089502C /* Device */,
				8EFAF1F820BFFBA3007A7783 /* Location */,
				8EFAF1F720BFFA6E007A7783 /* UI */,
				8EBA69292090C87D00221131 /* Helper.swift */,
				8E174B6D208F851100FFE7C7 /* ExifTool.swift */,
				8E85B7CE20B8786C005A9845 /* Accumulator.swift */,
				8E98B8F820D7950E00771280 /* ExportManager.swift */,
				8E7B98E0214882080019ED87 /* Alert.swift */,
				8EBA9DE6217477D900DACAAD /* UIHelper.swift */,
				8E4E5B662217349600FE4B68 /* FaceDetection.swift */,
				8E4E5B6822195BFF00FE4B68 /* FaceRecognition.swift */,
				8EC20B312281C0B8000F4819 /* FaceTask.swift */,
				8E73E381223E494C00C14A90 /* ExecutionEnvironment.swift */,
				8EC20B2F2281B4C0000F4819 /* TaskHelper.swift */,
			);
			path = Tools;
			sourceTree = "<group>";
		};
		8EB986AD20B223740075B081 /* Preview */ = {
			isa = PBXGroup;
			children = (
				8EBA692B2090DB0300221131 /* DropPlaceCommons.swift */,
				8EEB88832090B44B00CDEC81 /* ImageDropView.swift */,
				8EBA692D2090DB4B00221131 /* VideoDropView.swift */,
				8E015120208F7D23009C2549 /* StackedImageViewController.swift */,
				8E015122208F7D34009C2549 /* StackedVideoViewController.swift */,
			);
			path = Preview;
			sourceTree = "<group>";
		};
		8EB986AE20B223BF0075B081 /* Domain */ = {
			isa = PBXGroup;
			children = (
				8E3EC3BA214DC120004B6125 /* GRDB */,
				8E3EC3B9214DC0FC004B6125 /* CoreData */,
				8EFAF1F920BFFC59007A7783 /* MetaInfo */,
				8E0EAE99209D2623008C377F /* ImageFolderTreeScanner.swift */,
				8EF500CC209A804100C9805F /* ImageFolder.swift */,
				8EB986B320B30C910075B081 /* ImageFile.swift */,
				8E85B7D520BD9FD9005A9845 /* Location.swift */,
				8E4B7C1820929EFA00DDD9E0 /* LocationConsumer.swift */,
				8E85B7D920BE2515005A9845 /* LocationTextDelegate.swift */,
				8E98B8F620D6044900771280 /* Event.swift */,
				8EB321CC20FA42AB00D8C71D /* Duplicate.swift */,
				8E8D470F22213A330091E9C3 /* PeopleFace.swift */,
			);
			path = Domain;
			sourceTree = "<group>";
		};
		8EB986B120B2255A0075B081 /* Detail */ = {
			isa = PBXGroup;
			children = (
				8EB986AD20B223740075B081 /* Preview */,
				8EB986AF20B225230075B081 /* DetailViewDelegate.swift */,
				8EA1A05E208DFBB8000C3B97 /* MetaTableViewController.swift */,
			);
			path = Detail;
			sourceTree = "<group>";
		};
		8EBA69262090C37B00221131 /* Supporting Files */ = {
			isa = PBXGroup;
			children = (
				8E4E5B752219624D00FE4B68 /* FaceRecognitionOpenCV */,
				8E4C38C92117762F0089502C /* Mobile */,
				8EF32D112094CB2000511538 /* SourceListIcons.xcassets */,
				8EFE763D2094B12200B7CFCA /* ImageDocker-Bridging-Header.h */,
				8E0AFA40208BDEA100CE8B68 /* Assets.xcassets */,
				8E0AFA46208BDEA100CE8B68 /* ImageDocker.entitlements */,
				8E0AFA45208BDEA100CE8B68 /* Info.plist */,
				8EBA69242090C2AA00221131 /* ExifTool */,
			);
			name = "Supporting Files";
			sourceTree = "<group>";
		};
		8EBA9DE12173C7FC00DACAAD /* Theater */ = {
			isa = PBXGroup;
			children = (
				8EBA9DE22173C8F000DACAAD /* TheaterViewController.swift */,
				8EBA9DE42173CC7F00DACAAD /* TheaterQuickLookItem.swift */,
				8EBA9DE821766EAB00DACAAD /* TheaterCollectionViewController.swift */,
				8EC5BA2C21775571001510AF /* TheaterCollectionViewItem.swift */,
				8EC5BA2D21775571001510AF /* TheaterCollectionViewItem.xib */,
				8E36B066217920B400646EA5 /* MonthListController.swift */,
				8E36B068217920C000646EA5 /* DayListController.swift */,
			);
			path = Theater;
			sourceTree = "<group>";
		};
		8EE1AB3A20D05E0C001C75B0 /* Search */ = {
			isa = PBXGroup;
			children = (
				8E95739820EBEBD7003BD651 /* FilterViewController.swift */,
				8E95739920EBEBD7003BD651 /* FilterViewController.xib */,
			);
			path = Search;
			sourceTree = "<group>";
		};
		8EEF0725226215C8000520B7 /* Splash */ = {
			isa = PBXGroup;
			children = (
				8EEF0726226215E7000520B7 /* SplashViewController.swift */,
				8EEF0727226215E7000520B7 /* SplashViewController.xib */,
			);
			path = Splash;
			sourceTree = "<group>";
		};
		8EFA7CF7211A36C900419777 /* Device */ = {
			isa = PBXGroup;
			children = (
				8EFA7CF8211A36F700419777 /* DeviceCopyViewController.swift */,
				8EC82EA92121C5A200FC0899 /* AddLocalDirectoryViewController.swift */,
				8EC82EAA2121C5A200FC0899 /* AddLocalDirectoryViewController.xib */,
				8EC82EAD21283ED000FC0899 /* DirectoryViewDelegate.swift */,
				8EAC5F1E2144A60900E187E0 /* DeviceFolderViewController.swift */,
				8EAC5F1F2144A60900E187E0 /* DeviceFolderViewController.xib */,
				8EEF07182256C9D9000520B7 /* DevicePathDetailViewController.swift */,
				8EEF07192256C9D9000520B7 /* DevicePathDetailViewController.xib */,
			);
			path = Device;
			sourceTree = "<group>";
		};
		8EFA7D00211F93B400419777 /* View */ = {
			isa = PBXGroup;
			children = (
				8EF32D132095355400511538 /* LCSourceListTableCellView.swift */,
				8EF4CE6621E6F29100C53AFF /* LCSourceListHeaderView.swift */,
			);
			path = View;
			sourceTree = "<group>";
		};
		8EFA7D01211F93C000419777 /* Domain */ = {
			isa = PBXGroup;
			children = (
				8EFAF1FE20CAE422007A7783 /* Moment.swift */,
				8EFE76402094B98D00B7CFCA /* PhotoCollection.swift */,
			);
			path = Domain;
			sourceTree = "<group>";
		};
		8EFAF1F720BFFA6E007A7783 /* UI */ = {
			isa = PBXGroup;
			children = (
				8E3EC3B7214DB1E4004B6125 /* Calendar */,
				8E85B7D320BA2AD7005A9845 /* DarkSplitView.swift */,
				8EB986C520B6EBC40075B081 /* DarkTableView.swift */,
				8E36B06B21792EDC00646EA5 /* CustomRowView.swift */,
				8EF4CE6221E56DC100C53AFF /* NotificationViewController.swift */,
				8EF4CE6321E56DC100C53AFF /* NotificationViewController.xib */,
				8E8D471B22315F540091E9C3 /* SingleColumnTableViewController.swift */,
				8E8D471F22338DAC0091E9C3 /* TextListViewController.swift */,
				8E8D47212233DCD30091E9C3 /* DictionaryTableViewController.swift */,
				8E8D47242236733B0091E9C3 /* OneColumnTableViewController.swift */,
				8E8D47252236733B0091E9C3 /* OneColumnTableViewController.xib */,
				8E8D47282236F63C0091E9C3 /* MenuPopover.swift */,
			);
			path = UI;
			sourceTree = "<group>";
		};
		8EFAF1F820BFFBA3007A7783 /* Location */ = {
			isa = PBXGroup;
			children = (
				8E7F70FF2091F14200410C45 /* BaiduLocation.swift */,
				8EA1A05C208DD78D000C3B97 /* CoordinateConverter.swift */,
				8E06AAFB20EEFFAD000A40C9 /* GoogleLocation.swift */,
			);
			path = Location;
			sourceTree = "<group>";
		};
		8EFAF1F920BFFC59007A7783 /* MetaInfo */ = {
			isa = PBXGroup;
			children = (
				8EA1A062208DFD92000C3B97 /* MetaInfo.swift */,
				8E7F71012092053400410C45 /* MetaInfoDelegate.swift */,
				8EFAF1FA20BFFC8A007A7783 /* MetaInfoHolder.swift */,
			);
			path = MetaInfo;
			sourceTree = "<group>";
		};
		BF292D703FDC467A9B710F29 /* Frameworks */ = {
			isa = PBXGroup;
			children = (
				8E2CF36F20AED2FE00A93375 /* CollectionView.framework */,
				B479F2387DA097A86444200D /* Pods_ImageDocker.framework */,
				82AE2A4F2692BE8252178D24 /* Pods_ImageDocker.framework */,
			);
			name = Frameworks;
			sourceTree = "<group>";
		};
/* End PBXGroup section */

/* Begin PBXNativeTarget section */
		8E0AFA38208BDEA000CE8B68 /* ImageDocker */ = {
			isa = PBXNativeTarget;
			buildConfigurationList = 8E0AFA5F208BDEA100CE8B68 /* Build configuration list for PBXNativeTarget "ImageDocker" */;
			buildPhases = (
				963155A48571EEDEF1647D3A /* [CP] Check Pods Manifest.lock */,
				8E0AFA35208BDEA000CE8B68 /* Sources */,
				8E0AFA36208BDEA000CE8B68 /* Frameworks */,
				8E0AFA37208BDEA000CE8B68 /* Resources */,
				464CFED52B2005412BD014B3 /* [CP] Embed Pods Frameworks */,
			);
			buildRules = (
			);
			dependencies = (
			);
			name = ImageDocker;
			productName = ImageDocker;
			productReference = 8E0AFA39208BDEA000CE8B68 /* ImageDocker.app */;
			productType = "com.apple.product-type.application";
		};
		8E0AFA4A208BDEA100CE8B68 /* ImageDockerTests */ = {
			isa = PBXNativeTarget;
			buildConfigurationList = 8E0AFA62208BDEA100CE8B68 /* Build configuration list for PBXNativeTarget "ImageDockerTests" */;
			buildPhases = (
				8E0AFA47208BDEA100CE8B68 /* Sources */,
				8E0AFA48208BDEA100CE8B68 /* Frameworks */,
				8E0AFA49208BDEA100CE8B68 /* Resources */,
			);
			buildRules = (
			);
			dependencies = (
				8E0AFA4D208BDEA100CE8B68 /* PBXTargetDependency */,
			);
			name = ImageDockerTests;
			productName = ImageDockerTests;
			productReference = 8E0AFA4B208BDEA100CE8B68 /* ImageDockerTests.xctest */;
			productType = "com.apple.product-type.bundle.unit-test";
		};
		8E0AFA55208BDEA100CE8B68 /* ImageDockerUITests */ = {
			isa = PBXNativeTarget;
			buildConfigurationList = 8E0AFA65208BDEA100CE8B68 /* Build configuration list for PBXNativeTarget "ImageDockerUITests" */;
			buildPhases = (
				8E0AFA52208BDEA100CE8B68 /* Sources */,
				8E0AFA53208BDEA100CE8B68 /* Frameworks */,
				8E0AFA54208BDEA100CE8B68 /* Resources */,
			);
			buildRules = (
			);
			dependencies = (
				8E0AFA58208BDEA100CE8B68 /* PBXTargetDependency */,
			);
			name = ImageDockerUITests;
			productName = ImageDockerUITests;
			productReference = 8E0AFA56208BDEA100CE8B68 /* ImageDockerUITests.xctest */;
			productType = "com.apple.product-type.bundle.ui-testing";
		};
/* End PBXNativeTarget section */

/* Begin PBXProject section */
		8E0AFA31208BDEA000CE8B68 /* Project object */ = {
			isa = PBXProject;
			attributes = {
				LastSwiftUpdateCheck = 0930;
				LastUpgradeCheck = 0930;
				ORGANIZATIONNAME = nonamecat;
				TargetAttributes = {
					8E0AFA38208BDEA000CE8B68 = {
						CreatedOnToolsVersion = 9.3;
						LastSwiftMigration = 0930;
					};
					8E0AFA4A208BDEA100CE8B68 = {
						CreatedOnToolsVersion = 9.3;
						TestTargetID = 8E0AFA38208BDEA000CE8B68;
					};
					8E0AFA55208BDEA100CE8B68 = {
						CreatedOnToolsVersion = 9.3;
						TestTargetID = 8E0AFA38208BDEA000CE8B68;
					};
				};
			};
			buildConfigurationList = 8E0AFA34208BDEA000CE8B68 /* Build configuration list for PBXProject "ImageDocker" */;
			compatibilityVersion = "Xcode 9.3";
			developmentRegion = en;
			hasScannedForEncodings = 0;
			knownRegions = (
				en,
				Base,
			);
			mainGroup = 8E0AFA30208BDEA000CE8B68;
			productRefGroup = 8E0AFA3A208BDEA000CE8B68 /* Products */;
			projectDirPath = "";
			projectRoot = "";
			targets = (
				8E0AFA38208BDEA000CE8B68 /* ImageDocker */,
				8E0AFA4A208BDEA100CE8B68 /* ImageDockerTests */,
				8E0AFA55208BDEA100CE8B68 /* ImageDockerUITests */,
			);
		};
/* End PBXProject section */

/* Begin PBXResourcesBuildPhase section */
		8E0AFA37208BDEA000CE8B68 /* Resources */ = {
			isa = PBXResourcesBuildPhase;
			buildActionMask = 2147483647;
			files = (
				8E4C38CA211776300089502C /* Mobile in Resources */,
				8EC5BA2F21775571001510AF /* TheaterCollectionViewItem.xib in Resources */,
				8E8D47272236733B0091E9C3 /* OneColumnTableViewController.xib in Resources */,
				8EBA69252090C2AA00221131 /* ExifTool in Resources */,
				8EAC5F212144A60900E187E0 /* DeviceFolderViewController.xib in Resources */,
				8EB986BB20B30C920075B081 /* HeaderView.xib in Resources */,
				8E3EC3B6214DB1B8004B6125 /* LunarCalendarView.xib in Resources */,
				8EF32D122094CB2000511538 /* SourceListIcons.xcassets in Resources */,
				8EC82EAC2121C5A200FC0899 /* AddLocalDirectoryViewController.xib in Resources */,
				8E8D4716222991230091E9C3 /* FaceCollectionViewItem.xib in Resources */,
				8E0AFA41208BDEA100CE8B68 /* Assets.xcassets in Resources */,
				8E98B8F120D0EE3300771280 /* PlaceListViewController.xib in Resources */,
				8EEF071F225FCF8E000520B7 /* ContainerDetailViewController.xib in Resources */,
				8EE1AB3E20D05E49001C75B0 /* EventListViewController.xib in Resources */,
				8E0AFA44208BDEA100CE8B68 /* Main.storyboard in Resources */,
				8E95739B20EBEBD7003BD651 /* FilterViewController.xib in Resources */,
				8E4E5B762219624D00FE4B68 /* FaceRecognitionOpenCV in Resources */,
				8EB986BE20B30C920075B081 /* CollectionViewItem.xib in Resources */,
				8EEF0729226215E7000520B7 /* SplashViewController.xib in Resources */,
				8EF4CE6521E56DC100C53AFF /* NotificationViewController.xib in Resources */,
				8EEF071B2256C9D9000520B7 /* DevicePathDetailViewController.xib in Resources */,
				8EEF07232260D0E1000520B7 /* CollectionPaginationViewController.xib in Resources */,
				8E3EC3BE214DE623004B6125 /* DateTimeViewController.xib in Resources */,
				8EF125AA2214590000C423CA /* DeviceListViewController.xib in Resources */,
				8EBA9DE0216F8BB100DACAAD /* NotesViewController.xib in Resources */,
			);
			runOnlyForDeploymentPostprocessing = 0;
		};
		8E0AFA49208BDEA100CE8B68 /* Resources */ = {
			isa = PBXResourcesBuildPhase;
			buildActionMask = 2147483647;
			files = (
			);
			runOnlyForDeploymentPostprocessing = 0;
		};
		8E0AFA54208BDEA100CE8B68 /* Resources */ = {
			isa = PBXResourcesBuildPhase;
			buildActionMask = 2147483647;
			files = (
			);
			runOnlyForDeploymentPostprocessing = 0;
		};
/* End PBXResourcesBuildPhase section */

/* Begin PBXShellScriptBuildPhase section */
		464CFED52B2005412BD014B3 /* [CP] Embed Pods Frameworks */ = {
			isa = PBXShellScriptBuildPhase;
			buildActionMask = 2147483647;
			files = (
			);
			inputPaths = (
				"${PODS_ROOT}/Target Support Files/Pods-ImageDocker/Pods-ImageDocker-frameworks.sh",
				"${BUILT_PRODUCTS_DIR}/CryptoSwift/CryptoSwift.framework",
				"${BUILT_PRODUCTS_DIR}/GRDB.swift/GRDB.framework",
				"${BUILT_PRODUCTS_DIR}/PXSourceList/PXSourceList.framework",
				"${BUILT_PRODUCTS_DIR}/SwiftyJSON/SwiftyJSON.framework",
			);
			name = "[CP] Embed Pods Frameworks";
			outputPaths = (
				"${TARGET_BUILD_DIR}/${FRAMEWORKS_FOLDER_PATH}/CryptoSwift.framework",
				"${TARGET_BUILD_DIR}/${FRAMEWORKS_FOLDER_PATH}/GRDB.framework",
				"${TARGET_BUILD_DIR}/${FRAMEWORKS_FOLDER_PATH}/PXSourceList.framework",
				"${TARGET_BUILD_DIR}/${FRAMEWORKS_FOLDER_PATH}/SwiftyJSON.framework",
			);
			runOnlyForDeploymentPostprocessing = 0;
			shellPath = /bin/sh;
			shellScript = "\"${PODS_ROOT}/Target Support Files/Pods-ImageDocker/Pods-ImageDocker-frameworks.sh\"\n";
			showEnvVarsInLog = 0;
		};
		963155A48571EEDEF1647D3A /* [CP] Check Pods Manifest.lock */ = {
			isa = PBXShellScriptBuildPhase;
			buildActionMask = 2147483647;
			files = (
			);
			inputPaths = (
				"${PODS_PODFILE_DIR_PATH}/Podfile.lock",
				"${PODS_ROOT}/Manifest.lock",
			);
			name = "[CP] Check Pods Manifest.lock";
			outputPaths = (
				"$(DERIVED_FILE_DIR)/Pods-ImageDocker-checkManifestLockResult.txt",
			);
			runOnlyForDeploymentPostprocessing = 0;
			shellPath = /bin/sh;
			shellScript = "diff \"${PODS_PODFILE_DIR_PATH}/Podfile.lock\" \"${PODS_ROOT}/Manifest.lock\" > /dev/null\nif [ $? != 0 ] ; then\n    # print error to STDERR\n    echo \"error: The sandbox is not in sync with the Podfile.lock. Run 'pod install' or update your CocoaPods installation.\" >&2\n    exit 1\nfi\n# This output is used by Xcode 'outputs' to avoid re-running this script phase.\necho \"SUCCESS\" > \"${SCRIPT_OUTPUT_FILE_0}\"\n";
			showEnvVarsInLog = 0;
		};
/* End PBXShellScriptBuildPhase section */

/* Begin PBXSourcesBuildPhase section */
		8E0AFA35208BDEA000CE8B68 /* Sources */ = {
			isa = PBXSourcesBuildPhase;
			buildActionMask = 2147483647;
			files = (
				8E015121208F7D23009C2549 /* StackedImageViewController.swift in Sources */,
				8E85B7D220B91ED1005A9845 /* SelectionCollectionViewController.swift in Sources */,
				8EF4CE5E21D8026800C53AFF /* EditRepositoryViewController.swift in Sources */,
				8E85B7DA20BE2515005A9845 /* LocationTextDelegate.swift in Sources */,
				8E85B7D620BD9FD9005A9845 /* Location.swift in Sources */,
				8E7F71022092053400410C45 /* MetaInfoDelegate.swift in Sources */,
				8EF125A92214590000C423CA /* DeviceListViewController.swift in Sources */,
				8E98B8F920D7950E00771280 /* ExportManager.swift in Sources */,
				8E4E5B672217349600FE4B68 /* FaceDetection.swift in Sources */,
				8EF32D142095355400511538 /* LCSourceListTableCellView.swift in Sources */,
				8E3EC3BD214DE623004B6125 /* DateTimeViewController.swift in Sources */,
				8EBA9DE921766EAB00DACAAD /* TheaterCollectionViewController.swift in Sources */,
				8EEF07222260D0E1000520B7 /* CollectionPaginationViewController.swift in Sources */,
				8EFA7CFD211D72B300419777 /* ImageDeviceFile.swift in Sources */,
				8E174B6E208F851100FFE7C7 /* ExifTool.swift in Sources */,
				8EFA7CFB211D713700419777 /* ImageDevice.swift in Sources */,
				8E36B06C21792EDC00646EA5 /* CustomRowView.swift in Sources */,
				8E4E5B6922195BFF00FE4B68 /* FaceRecognition.swift in Sources */,
				8EF4CE5521D77BAB00C53AFF /* People.swift in Sources */,
				8E8D471222279AA80091E9C3 /* FaceCollectionViewItemsLoader.swift in Sources */,
				8E95739A20EBEBD7003BD651 /* FilterViewController.swift in Sources */,
				8E8D47292236F63C0091E9C3 /* MenuPopover.swift in Sources */,
				8E0EAE9A209D2623008C377F /* ImageFolderTreeScanner.swift in Sources */,
				8EA643F5208D6E5100C7D695 /* PreferencesController.swift in Sources */,
				8E4C38D9211829410089502C /* DeviceTreeController.swift in Sources */,
				8E85B7CF20B8786C005A9845 /* Accumulator.swift in Sources */,
				8EB986B020B225230075B081 /* DetailViewDelegate.swift in Sources */,
				8E7F71002091F14300410C45 /* BaiduLocation.swift in Sources */,
				8E98B8F020D0EE3300771280 /* PlaceListViewController.swift in Sources */,
				8EB321CF20FA42C700D8C71D /* ModelStore.swift in Sources */,
				8EF125A622140C0F00C423CA /* ImageDevicePath.swift in Sources */,
				8EF4CE5721D77BD600C53AFF /* Family.swift in Sources */,
				8E015123208F7D34009C2549 /* StackedVideoViewController.swift in Sources */,
				8EB986BA20B30C920075B081 /* ImageFile.swift in Sources */,
				8EEB88842090B44B00CDEC81 /* ImageDropView.swift in Sources */,
				8EBA9DE7217477D900DACAAD /* UIHelper.swift in Sources */,
				8EC82EA42121C10A00FC0899 /* LocalDirectory.swift in Sources */,
				8EA1A063208DFD92000C3B97 /* MetaInfo.swift in Sources */,
				8EBA9DE52173CC7F00DACAAD /* TheaterQuickLookItem.swift in Sources */,
				8EB986BD20B30C920075B081 /* CollectionViewItemsLoader.swift in Sources */,
				8E8D472022338DAC0091E9C3 /* TextListViewController.swift in Sources */,
				8EFAF1FF20CAE422007A7783 /* Moment.swift in Sources */,
				8EBA692C2090DB0300221131 /* DropPlaceCommons.swift in Sources */,
				8E8D471A2229AC430091E9C3 /* FaceCollectionViewController.swift in Sources */,
				8EB321D620FA433500D8C71D /* ImageEvent.swift in Sources */,
				8E4E5B7F221F3D1800FE4B68 /* PeopleViewController.swift in Sources */,
				8EB321D420FA433500D8C71D /* ImageContainer.swift in Sources */,
				8E36B067217920B400646EA5 /* MonthListController.swift in Sources */,
				8E98B8F320D5C90600771280 /* WindowController.swift in Sources */,
				8EBA692E2090DB4B00221131 /* VideoDropView.swift in Sources */,
				8E8D47222233DCD30091E9C3 /* DictionaryTableViewController.swift in Sources */,
				8EFA7CF9211A36F700419777 /* DeviceCopyViewController.swift in Sources */,
				8EBA9DE32173C8F000DACAAD /* TheaterViewController.swift in Sources */,
				8E4C38CD2117B5340089502C /* Phone.swift in Sources */,
				8EFE763C2094AF6B00B7CFCA /* TreeController.swift in Sources */,
				8E3EC3B5214DB1B8004B6125 /* LunarCalendarView.swift in Sources */,
				8EC20B302281B4C0000F4819 /* TaskHelper.swift in Sources */,
				8E31C37F2120A22600002546 /* DeviceShell.swift in Sources */,
				8EC82EAE21283ED000FC0899 /* DirectoryViewDelegate.swift in Sources */,
				8EF4CE6421E56DC100C53AFF /* NotificationViewController.swift in Sources */,
				8EB986BF20B30C920075B081 /* HeaderView.swift in Sources */,
				8EF125AC2216ECC500C423CA /* ContainerViewController.swift in Sources */,
				8E85B7D420BA2AD7005A9845 /* DarkSplitView.swift in Sources */,
				8EF500CD209A804100C9805F /* ImageFolder.swift in Sources */,
				8EA1A05D208DD78D000C3B97 /* CoordinateConverter.swift in Sources */,
				8EB986C120B317E70075B081 /* ModelStoreCoreData.swift in Sources */,
				8E7B98DF2147E7880019ED87 /* FileSystemHandler.swift in Sources */,
				8E4E5B78221985A400FE4B68 /* ImageFace.swift in Sources */,
				8E8D471022213A330091E9C3 /* PeopleFace.swift in Sources */,
				8E73E382223E494C00C14A90 /* ExecutionEnvironment.swift in Sources */,
				8EB321CD20FA42AB00D8C71D /* Duplicate.swift in Sources */,
				8E98B8F720D6044900771280 /* Event.swift in Sources */,
				8E4C38D12117B56A0089502C /* IPHONE.swift in Sources */,
				8EB321D520FA433500D8C71D /* ImagePlace.swift in Sources */,
				8E8D4715222991230091E9C3 /* FaceCollectionViewItem.swift in Sources */,
				8EC82EAB2121C5A200FC0899 /* AddLocalDirectoryViewController.swift in Sources */,
				8E4C38D72118291F0089502C /* LibraryTreeController.swift in Sources */,
				8EAC5F202144A60900E187E0 /* DeviceFolderViewController.swift in Sources */,
				8EE1AB3D20D05E49001C75B0 /* EventListViewController.swift in Sources */,
				8EB986B920B30C920075B081 /* CollectionViewItem.swift in Sources */,
				8EF4CE5921D77BEA00C53AFF /* ImagePeople.swift in Sources */,
				8EB986BC20B30C920075B081 /* CollectionViewDelegate.swift in Sources */,
				8E4B7C1920929EFA00DDD9E0 /* LocationConsumer.swift in Sources */,
				8E7B98E1214882080019ED87 /* Alert.swift in Sources */,
				8EA1A05F208DFBB8000C3B97 /* MetaTableViewController.swift in Sources */,
				8E4C38D3211828B00089502C /* EventsTreeController.swift in Sources */,
				8EF4CE6121E56CF700C53AFF /* ViewControllerUtils.swift in Sources */,
				8EFA7CFF211F012A00419777 /* PlacesTreeController.swift in Sources */,
				8E06AAFC20EEFFAD000A40C9 /* GoogleLocation.swift in Sources */,
				8E8D47262236733B0091E9C3 /* OneColumnTableViewController.swift in Sources */,
				8EF4CE6721E6F29100C53AFF /* LCSourceListHeaderView.swift in Sources */,
				8EB986C620B6EBC40075B081 /* DarkTableView.swift in Sources */,
				8E4C38CF2117B54D0089502C /* Android.swift in Sources */,
				8E8D47182229AC220091E9C3 /* FaceIconCollectionViewController.swift in Sources */,
				8EEF071E225FCF8E000520B7 /* ContainerDetailViewController.swift in Sources */,
				8E0AFA3D208BDEA000CE8B68 /* AppDelegate.swift in Sources */,
				8EFE76412094B98D00B7CFCA /* PhotoCollection.swift in Sources */,
				8EBA692A2090C87D00221131 /* Helper.swift in Sources */,
				8E36B069217920C000646EA5 /* DayListController.swift in Sources */,
				8EEF072B22626FE8000520B7 /* ViewController.swift in Sources */,
				8E4C38D5211828FF0089502C /* MomentsTreeController.swift in Sources */,
				8EC20B322281C0B8000F4819 /* FaceTask.swift in Sources */,
				8E3EC3B4214DB1B8004B6125 /* LunarSolarConverter.swift in Sources */,
				8EBA9DDF216F8BB100DACAAD /* NotesViewController.swift in Sources */,
				8EEF0728226215E7000520B7 /* SplashViewController.swift in Sources */,
				8E2CF37620AED6BA00A93375 /* Model.xcdatamodeld in Sources */,
				8EC5BA2E21775571001510AF /* TheaterCollectionViewItem.swift in Sources */,
				8EFAF1FB20BFFC8A007A7783 /* MetaInfoHolder.swift in Sources */,
				8EB321D720FA433500D8C71D /* Image.swift in Sources */,
				8EEF071A2256C9D9000520B7 /* DevicePathDetailViewController.swift in Sources */,
				8E8D471C22315F540091E9C3 /* SingleColumnTableViewController.swift in Sources */,
			);
			runOnlyForDeploymentPostprocessing = 0;
		};
		8E0AFA47208BDEA100CE8B68 /* Sources */ = {
			isa = PBXSourcesBuildPhase;
			buildActionMask = 2147483647;
			files = (
				8E0AFA50208BDEA100CE8B68 /* ImageDockerTests.swift in Sources */,
			);
			runOnlyForDeploymentPostprocessing = 0;
		};
		8E0AFA52208BDEA100CE8B68 /* Sources */ = {
			isa = PBXSourcesBuildPhase;
			buildActionMask = 2147483647;
			files = (
				8E0AFA5B208BDEA100CE8B68 /* ImageDockerUITests.swift in Sources */,
			);
			runOnlyForDeploymentPostprocessing = 0;
		};
/* End PBXSourcesBuildPhase section */

/* Begin PBXTargetDependency section */
		8E0AFA4D208BDEA100CE8B68 /* PBXTargetDependency */ = {
			isa = PBXTargetDependency;
			target = 8E0AFA38208BDEA000CE8B68 /* ImageDocker */;
			targetProxy = 8E0AFA4C208BDEA100CE8B68 /* PBXContainerItemProxy */;
		};
		8E0AFA58208BDEA100CE8B68 /* PBXTargetDependency */ = {
			isa = PBXTargetDependency;
			target = 8E0AFA38208BDEA000CE8B68 /* ImageDocker */;
			targetProxy = 8E0AFA57208BDEA100CE8B68 /* PBXContainerItemProxy */;
		};
/* End PBXTargetDependency section */

/* Begin PBXVariantGroup section */
		8E0AFA42208BDEA100CE8B68 /* Main.storyboard */ = {
			isa = PBXVariantGroup;
			children = (
				8E0AFA43208BDEA100CE8B68 /* Base */,
			);
			name = Main.storyboard;
			sourceTree = "<group>";
		};
/* End PBXVariantGroup section */

/* Begin XCBuildConfiguration section */
		8E0AFA5D208BDEA100CE8B68 /* Debug */ = {
			isa = XCBuildConfiguration;
			buildSettings = {
				ALWAYS_SEARCH_USER_PATHS = NO;
				CLANG_ANALYZER_NONNULL = YES;
				CLANG_ANALYZER_NUMBER_OBJECT_CONVERSION = YES_AGGRESSIVE;
				CLANG_CXX_LANGUAGE_STANDARD = "gnu++14";
				CLANG_CXX_LIBRARY = "libc++";
				CLANG_ENABLE_MODULES = YES;
				CLANG_ENABLE_OBJC_ARC = YES;
				CLANG_ENABLE_OBJC_WEAK = YES;
				CLANG_WARN_BLOCK_CAPTURE_AUTORELEASING = YES;
				CLANG_WARN_BOOL_CONVERSION = YES;
				CLANG_WARN_COMMA = YES;
				CLANG_WARN_CONSTANT_CONVERSION = YES;
				CLANG_WARN_DEPRECATED_OBJC_IMPLEMENTATIONS = YES;
				CLANG_WARN_DIRECT_OBJC_ISA_USAGE = YES_ERROR;
				CLANG_WARN_DOCUMENTATION_COMMENTS = YES;
				CLANG_WARN_EMPTY_BODY = YES;
				CLANG_WARN_ENUM_CONVERSION = YES;
				CLANG_WARN_INFINITE_RECURSION = YES;
				CLANG_WARN_INT_CONVERSION = YES;
				CLANG_WARN_NON_LITERAL_NULL_CONVERSION = YES;
				CLANG_WARN_OBJC_IMPLICIT_RETAIN_SELF = YES;
				CLANG_WARN_OBJC_LITERAL_CONVERSION = YES;
				CLANG_WARN_OBJC_ROOT_CLASS = YES_ERROR;
				CLANG_WARN_RANGE_LOOP_ANALYSIS = YES;
				CLANG_WARN_STRICT_PROTOTYPES = YES;
				CLANG_WARN_SUSPICIOUS_MOVE = YES;
				CLANG_WARN_UNGUARDED_AVAILABILITY = YES_AGGRESSIVE;
				CLANG_WARN_UNREACHABLE_CODE = YES;
				CLANG_WARN__DUPLICATE_METHOD_MATCH = YES;
				CODE_SIGN_IDENTITY = "Mac Developer";
				COPY_PHASE_STRIP = NO;
				DEBUG_INFORMATION_FORMAT = dwarf;
				ENABLE_STRICT_OBJC_MSGSEND = YES;
				ENABLE_TESTABILITY = YES;
				GCC_C_LANGUAGE_STANDARD = gnu11;
				GCC_DYNAMIC_NO_PIC = NO;
				GCC_NO_COMMON_BLOCKS = YES;
				GCC_OPTIMIZATION_LEVEL = 0;
				GCC_PREPROCESSOR_DEFINITIONS = (
					"DEBUG=1",
					"$(inherited)",
				);
				GCC_WARN_64_TO_32_BIT_CONVERSION = YES;
				GCC_WARN_ABOUT_RETURN_TYPE = YES_ERROR;
				GCC_WARN_UNDECLARED_SELECTOR = YES;
				GCC_WARN_UNINITIALIZED_AUTOS = YES_AGGRESSIVE;
				GCC_WARN_UNUSED_FUNCTION = YES;
				GCC_WARN_UNUSED_VARIABLE = YES;
				MACOSX_DEPLOYMENT_TARGET = 10.13;
				MTL_ENABLE_DEBUG_INFO = YES;
				ONLY_ACTIVE_ARCH = YES;
				SDKROOT = macosx;
				SWIFT_ACTIVE_COMPILATION_CONDITIONS = DEBUG;
				SWIFT_OPTIMIZATION_LEVEL = "-Onone";
			};
			name = Debug;
		};
		8E0AFA5E208BDEA100CE8B68 /* Release */ = {
			isa = XCBuildConfiguration;
			buildSettings = {
				ALWAYS_SEARCH_USER_PATHS = NO;
				CLANG_ANALYZER_NONNULL = YES;
				CLANG_ANALYZER_NUMBER_OBJECT_CONVERSION = YES_AGGRESSIVE;
				CLANG_CXX_LANGUAGE_STANDARD = "gnu++14";
				CLANG_CXX_LIBRARY = "libc++";
				CLANG_ENABLE_MODULES = YES;
				CLANG_ENABLE_OBJC_ARC = YES;
				CLANG_ENABLE_OBJC_WEAK = YES;
				CLANG_WARN_BLOCK_CAPTURE_AUTORELEASING = YES;
				CLANG_WARN_BOOL_CONVERSION = YES;
				CLANG_WARN_COMMA = YES;
				CLANG_WARN_CONSTANT_CONVERSION = YES;
				CLANG_WARN_DEPRECATED_OBJC_IMPLEMENTATIONS = YES;
				CLANG_WARN_DIRECT_OBJC_ISA_USAGE = YES_ERROR;
				CLANG_WARN_DOCUMENTATION_COMMENTS = YES;
				CLANG_WARN_EMPTY_BODY = YES;
				CLANG_WARN_ENUM_CONVERSION = YES;
				CLANG_WARN_INFINITE_RECURSION = YES;
				CLANG_WARN_INT_CONVERSION = YES;
				CLANG_WARN_NON_LITERAL_NULL_CONVERSION = YES;
				CLANG_WARN_OBJC_IMPLICIT_RETAIN_SELF = YES;
				CLANG_WARN_OBJC_LITERAL_CONVERSION = YES;
				CLANG_WARN_OBJC_ROOT_CLASS = YES_ERROR;
				CLANG_WARN_RANGE_LOOP_ANALYSIS = YES;
				CLANG_WARN_STRICT_PROTOTYPES = YES;
				CLANG_WARN_SUSPICIOUS_MOVE = YES;
				CLANG_WARN_UNGUARDED_AVAILABILITY = YES_AGGRESSIVE;
				CLANG_WARN_UNREACHABLE_CODE = YES;
				CLANG_WARN__DUPLICATE_METHOD_MATCH = YES;
				CODE_SIGN_IDENTITY = "Mac Developer";
				COPY_PHASE_STRIP = NO;
				DEBUG_INFORMATION_FORMAT = "dwarf-with-dsym";
				ENABLE_NS_ASSERTIONS = NO;
				ENABLE_STRICT_OBJC_MSGSEND = YES;
				GCC_C_LANGUAGE_STANDARD = gnu11;
				GCC_NO_COMMON_BLOCKS = YES;
				GCC_WARN_64_TO_32_BIT_CONVERSION = YES;
				GCC_WARN_ABOUT_RETURN_TYPE = YES_ERROR;
				GCC_WARN_UNDECLARED_SELECTOR = YES;
				GCC_WARN_UNINITIALIZED_AUTOS = YES_AGGRESSIVE;
				GCC_WARN_UNUSED_FUNCTION = YES;
				GCC_WARN_UNUSED_VARIABLE = YES;
				MACOSX_DEPLOYMENT_TARGET = 10.13;
				MTL_ENABLE_DEBUG_INFO = NO;
				SDKROOT = macosx;
				SWIFT_COMPILATION_MODE = wholemodule;
				SWIFT_OPTIMIZATION_LEVEL = "-O";
			};
			name = Release;
		};
		8E0AFA60208BDEA100CE8B68 /* Debug */ = {
			isa = XCBuildConfiguration;
			baseConfigurationReference = D7145076C66463FEEE891BB9 /* Pods-ImageDocker.debug.xcconfig */;
			buildSettings = {
				ASSETCATALOG_COMPILER_APPICON_NAME = AppIcon;
				CLANG_ENABLE_MODULES = YES;
				CODE_SIGN_ENTITLEMENTS = ImageDocker/ImageDocker.entitlements;
				CODE_SIGN_STYLE = Automatic;
				COMBINE_HIDPI_IMAGES = YES;
				DEVELOPMENT_TEAM = ZU637G36U2;
				INFOPLIST_FILE = ImageDocker/Info.plist;
				LD_RUNPATH_SEARCH_PATHS = (
					"$(inherited)",
					"@executable_path/../Frameworks",
				);
				PRODUCT_BUNDLE_IDENTIFIER = org.nonamecat.ImageDocker;
				PRODUCT_NAME = "$(TARGET_NAME)";
				SWIFT_OBJC_BRIDGING_HEADER = "ImageDocker/ImageDocker-Bridging-Header.h";
				SWIFT_OPTIMIZATION_LEVEL = "-Onone";
				SWIFT_VERSION = 4.0;
			};
			name = Debug;
		};
		8E0AFA61208BDEA100CE8B68 /* Release */ = {
			isa = XCBuildConfiguration;
			baseConfigurationReference = E1C548BE0FF4031E723C91D3 /* Pods-ImageDocker.release.xcconfig */;
			buildSettings = {
				ASSETCATALOG_COMPILER_APPICON_NAME = AppIcon;
				CLANG_ENABLE_MODULES = YES;
				CODE_SIGN_ENTITLEMENTS = ImageDocker/ImageDocker.entitlements;
				CODE_SIGN_STYLE = Automatic;
				COMBINE_HIDPI_IMAGES = YES;
				DEVELOPMENT_TEAM = ZU637G36U2;
				INFOPLIST_FILE = ImageDocker/Info.plist;
				LD_RUNPATH_SEARCH_PATHS = (
					"$(inherited)",
					"@executable_path/../Frameworks",
				);
				PRODUCT_BUNDLE_IDENTIFIER = org.nonamecat.ImageDocker;
				PRODUCT_NAME = "$(TARGET_NAME)";
				SWIFT_OBJC_BRIDGING_HEADER = "ImageDocker/ImageDocker-Bridging-Header.h";
				SWIFT_VERSION = 4.0;
			};
			name = Release;
		};
		8E0AFA63208BDEA100CE8B68 /* Debug */ = {
			isa = XCBuildConfiguration;
			buildSettings = {
				ALWAYS_EMBED_SWIFT_STANDARD_LIBRARIES = YES;
				BUNDLE_LOADER = "$(TEST_HOST)";
				CODE_SIGN_STYLE = Automatic;
				COMBINE_HIDPI_IMAGES = YES;
				DEVELOPMENT_TEAM = ZU637G36U2;
				INFOPLIST_FILE = ImageDockerTests/Info.plist;
				LD_RUNPATH_SEARCH_PATHS = (
					"$(inherited)",
					"@executable_path/../Frameworks",
					"@loader_path/../Frameworks",
				);
				PRODUCT_BUNDLE_IDENTIFIER = org.nonamecat.ImageDockerTests;
				PRODUCT_NAME = "$(TARGET_NAME)";
				SWIFT_VERSION = 4.0;
				TEST_HOST = "$(BUILT_PRODUCTS_DIR)/ImageDocker.app/Contents/MacOS/ImageDocker";
			};
			name = Debug;
		};
		8E0AFA64208BDEA100CE8B68 /* Release */ = {
			isa = XCBuildConfiguration;
			buildSettings = {
				ALWAYS_EMBED_SWIFT_STANDARD_LIBRARIES = YES;
				BUNDLE_LOADER = "$(TEST_HOST)";
				CODE_SIGN_STYLE = Automatic;
				COMBINE_HIDPI_IMAGES = YES;
				DEVELOPMENT_TEAM = ZU637G36U2;
				INFOPLIST_FILE = ImageDockerTests/Info.plist;
				LD_RUNPATH_SEARCH_PATHS = (
					"$(inherited)",
					"@executable_path/../Frameworks",
					"@loader_path/../Frameworks",
				);
				PRODUCT_BUNDLE_IDENTIFIER = org.nonamecat.ImageDockerTests;
				PRODUCT_NAME = "$(TARGET_NAME)";
				SWIFT_VERSION = 4.0;
				TEST_HOST = "$(BUILT_PRODUCTS_DIR)/ImageDocker.app/Contents/MacOS/ImageDocker";
			};
			name = Release;
		};
		8E0AFA66208BDEA100CE8B68 /* Debug */ = {
			isa = XCBuildConfiguration;
			buildSettings = {
				ALWAYS_EMBED_SWIFT_STANDARD_LIBRARIES = YES;
				CODE_SIGN_STYLE = Automatic;
				COMBINE_HIDPI_IMAGES = YES;
				DEVELOPMENT_TEAM = ZU637G36U2;
				INFOPLIST_FILE = ImageDockerUITests/Info.plist;
				LD_RUNPATH_SEARCH_PATHS = (
					"$(inherited)",
					"@executable_path/../Frameworks",
					"@loader_path/../Frameworks",
				);
				PRODUCT_BUNDLE_IDENTIFIER = org.nonamecat.ImageDockerUITests;
				PRODUCT_NAME = "$(TARGET_NAME)";
				SWIFT_VERSION = 4.0;
				TEST_TARGET_NAME = ImageDocker;
			};
			name = Debug;
		};
		8E0AFA67208BDEA100CE8B68 /* Release */ = {
			isa = XCBuildConfiguration;
			buildSettings = {
				ALWAYS_EMBED_SWIFT_STANDARD_LIBRARIES = YES;
				CODE_SIGN_STYLE = Automatic;
				COMBINE_HIDPI_IMAGES = YES;
				DEVELOPMENT_TEAM = ZU637G36U2;
				INFOPLIST_FILE = ImageDockerUITests/Info.plist;
				LD_RUNPATH_SEARCH_PATHS = (
					"$(inherited)",
					"@executable_path/../Frameworks",
					"@loader_path/../Frameworks",
				);
				PRODUCT_BUNDLE_IDENTIFIER = org.nonamecat.ImageDockerUITests;
				PRODUCT_NAME = "$(TARGET_NAME)";
				SWIFT_VERSION = 4.0;
				TEST_TARGET_NAME = ImageDocker;
			};
			name = Release;
		};
/* End XCBuildConfiguration section */

/* Begin XCConfigurationList section */
		8E0AFA34208BDEA000CE8B68 /* Build configuration list for PBXProject "ImageDocker" */ = {
			isa = XCConfigurationList;
			buildConfigurations = (
				8E0AFA5D208BDEA100CE8B68 /* Debug */,
				8E0AFA5E208BDEA100CE8B68 /* Release */,
			);
			defaultConfigurationIsVisible = 0;
			defaultConfigurationName = Release;
		};
		8E0AFA5F208BDEA100CE8B68 /* Build configuration list for PBXNativeTarget "ImageDocker" */ = {
			isa = XCConfigurationList;
			buildConfigurations = (
				8E0AFA60208BDEA100CE8B68 /* Debug */,
				8E0AFA61208BDEA100CE8B68 /* Release */,
			);
			defaultConfigurationIsVisible = 0;
			defaultConfigurationName = Release;
		};
		8E0AFA62208BDEA100CE8B68 /* Build configuration list for PBXNativeTarget "ImageDockerTests" */ = {
			isa = XCConfigurationList;
			buildConfigurations = (
				8E0AFA63208BDEA100CE8B68 /* Debug */,
				8E0AFA64208BDEA100CE8B68 /* Release */,
			);
			defaultConfigurationIsVisible = 0;
			defaultConfigurationName = Release;
		};
		8E0AFA65208BDEA100CE8B68 /* Build configuration list for PBXNativeTarget "ImageDockerUITests" */ = {
			isa = XCConfigurationList;
			buildConfigurations = (
				8E0AFA66208BDEA100CE8B68 /* Debug */,
				8E0AFA67208BDEA100CE8B68 /* Release */,
			);
			defaultConfigurationIsVisible = 0;
			defaultConfigurationName = Release;
		};
/* End XCConfigurationList section */

/* Begin XCVersionGroup section */
		8E2CF37420AED6BA00A93375 /* Model.xcdatamodeld */ = {
			isa = XCVersionGroup;
			children = (
				8E2CF37520AED6BA00A93375 /* Model.xcdatamodel */,
			);
			currentVersion = 8E2CF37520AED6BA00A93375 /* Model.xcdatamodel */;
			path = Model.xcdatamodeld;
			sourceTree = "<group>";
			versionGroupType = wrapper.xcdatamodel;
		};
/* End XCVersionGroup section */
	};
	rootObject = 8E0AFA31208BDEA000CE8B68 /* Project object */;
}
